
Microsoft Visual Studio Solution File, Format Version 12.00
# Visual Studio Version 17
VisualStudioVersion = 17.0.31903.59
MinimumVisualStudioVersion = 10.0.40219.1
Project("{2150E333-8FDC-42A3-9474-1A3956D46DE8}") = "Script", "Script", "{0BB39A05-1926-C2B2-7003-8EB281EB5439}"
EndProject
Project("{FAE04EC0-301F-11D3-BF4B-00C04F79EFBC}") = "UnrealPokemon.Glue", "UnrealPokemon.Glue\UnrealPokemon.Glue.csproj", "{7D5BAE69-D2DE-4E43-A4A9-6A6370251EF4}"
EndProject
Project("{FAE04EC0-301F-11D3-BF4B-00C04F79EFBC}") = "Pokemon.Data", "PokemonStarterKit\Pokemon.Data\Pokemon.Data.csproj", "{11FE864E-CB9A-46F0-8003-8C5BA4D70970}"
EndProject
Project("{2150E333-8FDC-42A3-9474-1A3956D46DE8}") = "Plugins", "Plugins", "{07D57EEB-2F50-60C4-C011-FE4FA775C9A8}"
EndProject
Project("{2150E333-8FDC-42A3-9474-1A3956D46DE8}") = "AudioPlaybackManager", "AudioPlaybackManager", "{68A8C3EF-A67B-0EA3-1A38-EE351F60CA1E}"
EndProject
Project("{FAE04EC0-301F-11D3-BF4B-00C04F79EFBC}") = "AudioPlaybackManager.Glue", "..\Plugins\AudioPlaybackManager\Script\AudioPlaybackManager.Glue\AudioPlaybackManager.Glue.csproj", "{99F4094E-DD49-4815-8110-954985B9B291}"
EndProject
Project("{2150E333-8FDC-42A3-9474-1A3956D46DE8}") = "AutomationTestHelpers", "AutomationTestHelpers", "{3933E155-6B39-D2FA-722E-261BC28DC0D5}"
EndProject
Project("{FAE04EC0-301F-11D3-BF4B-00C04F79EFBC}") = "AutomationTestHelpers.Glue", "..\Plugins\AutomationTestHelpers\Script\AutomationTestHelpers.Glue\AutomationTestHelpers.Glue.csproj", "{4460662F-C99C-4B04-9911-B4D143637430}"
EndProject
Project("{2150E333-8FDC-42A3-9474-1A3956D46DE8}") = "DayNightCycle", "DayNightCycle", "{1D2D4118-4212-0201-B140-8C57D9B1B249}"
EndProject
Project("{FAE04EC0-301F-11D3-BF4B-00C04F79EFBC}") = "DayNightCycle.Glue", "..\Plugins\DayNightCycle\Script\DayNightCycle.Glue\DayNightCycle.Glue.csproj", "{CB907C07-8C43-47ED-8798-8E99C5DD991E}"
EndProject
Project("{2150E333-8FDC-42A3-9474-1A3956D46DE8}") = "DynamicAssetLoader", "DynamicAssetLoader", "{64AD333C-636A-ECED-59BE-1097C44B76CE}"
EndProject
Project("{FAE04EC0-301F-11D3-BF4B-00C04F79EFBC}") = "DynamicAssetLoader.Glue", "..\Plugins\DynamicAssetLoader\Script\DynamicAssetLoader.Glue\DynamicAssetLoader.Glue.csproj", "{9228C11A-64B4-48AF-AF2F-F56FB2FA008A}"
EndProject
Project("{2150E333-8FDC-42A3-9474-1A3956D46DE8}") = "EnhancedSaveGame", "EnhancedSaveGame", "{AD2EF077-FE09-F968-D8A6-D1BEE05D08B8}"
EndProject
Project("{FAE04EC0-301F-11D3-BF4B-00C04F79EFBC}") = "EnhancedSaveGame.Glue", "..\Plugins\EnhancedSaveGame\Script\EnhancedSaveGame.Glue\EnhancedSaveGame.Glue.csproj", "{2041CBEC-0FD5-468F-9B7C-19FB3D2E5FE2}"
EndProject
Project("{2150E333-8FDC-42A3-9474-1A3956D46DE8}") = "GridBased2D", "GridBased2D", "{D63C2D4A-D287-31B9-3371-8E74123F6826}"
EndProject
Project("{FAE04EC0-301F-11D3-BF4B-00C04F79EFBC}") = "GridBased2D.Glue", "..\Plugins\GridBased2D\Script\GridBased2D.Glue\GridBased2D.Glue.csproj", "{077BC83A-7D4F-4E2D-B20C-8E3B6C60C949}"
EndProject
Project("{2150E333-8FDC-42A3-9474-1A3956D46DE8}") = "RetroLib", "RetroLib", "{76ACD4A9-3B11-0D2B-3EDB-38D0EAD5623E}"
EndProject
Project("{FAE04EC0-301F-11D3-BF4B-00C04F79EFBC}") = "RetroLib.Glue", "..\Plugins\RetroLib\Script\RetroLib.Glue\RetroLib.Glue.csproj", "{48C48B26-116A-41C0-BF29-AD2D028CCA12}"
EndProject
Project("{2150E333-8FDC-42A3-9474-1A3956D46DE8}") = "RPGMenus", "RPGMenus", "{F8428CE4-570A-A0A5-E181-79357FCC7AA4}"
EndProject
Project("{FAE04EC0-301F-11D3-BF4B-00C04F79EFBC}") = "RPGMenus.Glue", "..\Plugins\RPGMenus\Script\RPGMenus.Glue\RPGMenus.Glue.csproj", "{9D7ECCC9-DAFC-4DA1-BB66-85AF5471DECF}"
EndProject
Project("{2150E333-8FDC-42A3-9474-1A3956D46DE8}") = "Simple2D", "Simple2D", "{376C9B8C-C114-50A0-D9B7-F042AAAECC68}"
EndProject
Project("{FAE04EC0-301F-11D3-BF4B-00C04F79EFBC}") = "Simple2D.Glue", "..\Plugins\Simple2D\Script\Simple2D.Glue\Simple2D.Glue.csproj", "{8AF894C9-BECD-49A9-9CD3-51943B1EE386}"
EndProject
Project("{2150E333-8FDC-42A3-9474-1A3956D46DE8}") = "TerrainTags", "TerrainTags", "{3A4A4E3D-F778-33E8-4146-8DAF62911BC4}"
EndProject
Project("{FAE04EC0-301F-11D3-BF4B-00C04F79EFBC}") = "MapMetadata.Glue", "..\Plugins\TerrainTags\Script\MapMetadata.Glue\MapMetadata.Glue.csproj", "{5B7BF230-D999-445D-B3BB-E5E1E2E87B41}"
EndProject
Project("{2150E333-8FDC-42A3-9474-1A3956D46DE8}") = "TileReplacer", "TileReplacer", "{B4BCCFA4-8F61-ECFF-2ADE-AD163FE3C83E}"
EndProject
Project("{FAE04EC0-301F-11D3-BF4B-00C04F79EFBC}") = "TileReplacer.Glue", "..\Plugins\TileReplacer\Script\TileReplacer.Glue\TileReplacer.Glue.csproj", "{F75B3334-DC1D-46F1-9222-64865C389AAC}"
EndProject
Project("{2150E333-8FDC-42A3-9474-1A3956D46DE8}") = "UnrealInjector", "UnrealInjector", "{9013F7C9-255B-2F6D-A5E1-991C2F05AED6}"
EndProject
Project("{FAE04EC0-301F-11D3-BF4B-00C04F79EFBC}") = "UnrealInjector.Glue", "..\Plugins\UnrealInjector\Script\UnrealInjector.Glue\UnrealInjector.Glue.csproj", "{ECBAF273-4934-4B9F-9C84-BFFEE60BF39B}"
EndProject
Project("{2150E333-8FDC-42A3-9474-1A3956D46DE8}") = "Data", "Data", "{C0C0B16C-7870-5ACB-47C7-AB9F9CDFF199}"
EndProject
Project("{2150E333-8FDC-42A3-9474-1A3956D46DE8}") = "GameDataAccessTools", "GameDataAccessTools", "{0D879528-0EED-7472-AC9D-6537BEE87BC4}"
EndProject
Project("{FAE04EC0-301F-11D3-BF4B-00C04F79EFBC}") = "GameDataAccessTools.Glue", "..\Plugins\Data\GameDataAccessTools\Script\GameDataAccessTools.Glue\GameDataAccessTools.Glue.csproj", "{B6B3587D-7A7F-41D3-B074-CE8FA8D7EF1A}"
EndProject
Project("{2150E333-8FDC-42A3-9474-1A3956D46DE8}") = "External", "External", "{A4A1C7CF-DF3E-E928-5A38-9741DCFA57D6}"
EndProject
Project("{2150E333-8FDC-42A3-9474-1A3956D46DE8}") = "GridMapEditor", "GridMapEditor", "{4CA05B6A-3598-42CD-9464-F4A51C340754}"
EndProject
Project("{FAE04EC0-301F-11D3-BF4B-00C04F79EFBC}") = "GridMapEditor.Glue", "..\Plugins\External\GridMapEditor\Script\GridMapEditor.Glue\GridMapEditor.Glue.csproj", "{4F157860-5FE3-4DBE-8736-62A3621D930D}"
EndProject
Project("{2150E333-8FDC-42A3-9474-1A3956D46DE8}") = "UE5Coro", "UE5Coro", "{BF43D4B0-C074-B8A0-4269-CA617FD88253}"
EndProject
Project("{FAE04EC0-301F-11D3-BF4B-00C04F79EFBC}") = "UE5Coro.Glue", "..\Plugins\External\UE5Coro\Script\UE5Coro.Glue\UE5Coro.Glue.csproj", "{FBCA7275-381C-4769-AB39-2E9EC4DB8F5D}"
EndProject
Project("{2150E333-8FDC-42A3-9474-1A3956D46DE8}") = "Utilities", "Utilities", "{A9D916FE-6BBA-FC79-DFA5-CFE31B2208E1}"
EndProject
Project("{2150E333-8FDC-42A3-9474-1A3956D46DE8}") = "CommonUtilities", "CommonUtilities", "{EC251B8E-D3F1-3689-74CE-2178CB5894C1}"
EndProject
Project("{FAE04EC0-301F-11D3-BF4B-00C04F79EFBC}") = "CommonUtilities.Glue", "..\Plugins\Utilities\CommonUtilities\Script\CommonUtilities.Glue\CommonUtilities.Glue.csproj", "{597E4171-9BBD-44C3-A4C2-0A4156E41FC3}"
EndProject
Project("{2150E333-8FDC-42A3-9474-1A3956D46DE8}") = "PokemonStarterKit", "PokemonStarterKit", "{A52B2F6E-0549-4AA4-891E-B80B65F47197}"
EndProject
Project("{FAE04EC0-301F-11D3-BF4B-00C04F79EFBC}") = "GameDataAccessTools.SourceGenerator", "..\Plugins\Data\GameDataAccessTools\Script\GameDataAccessTools.SourceGenerator\GameDataAccessTools.SourceGenerator.csproj", "{4B56C45C-2044-426A-8FF3-13BBF19BEE92}"
EndProject
Project("{FAE04EC0-301F-11D3-BF4B-00C04F79EFBC}") = "GameDataAccessTools.Core", "..\Plugins\Data\GameDataAccessTools\Script\GameDataAccessTools.Core\GameDataAccessTools.Core.csproj", "{CFFEC820-2D4A-4FC7-A581-BD4F95466EAA}"
EndProject
Global
	GlobalSection(SolutionConfigurationPlatforms) = preSolution
		Debug|Any CPU = Debug|Any CPU
		Debug|x64 = Debug|x64
		Debug|x86 = Debug|x86
		Release|Any CPU = Release|Any CPU
		Release|x64 = Release|x64
		Release|x86 = Release|x86
	EndGlobalSection
	GlobalSection(ProjectConfigurationPlatforms) = postSolution
		{7D5BAE69-D2DE-4E43-A4A9-6A6370251EF4}.Debug|Any CPU.ActiveCfg = Debug|Any CPU
		{7D5BAE69-D2DE-4E43-A4A9-6A6370251EF4}.Debug|Any CPU.Build.0 = Debug|Any CPU
		{7D5BAE69-D2DE-4E43-A4A9-6A6370251EF4}.Debug|x64.ActiveCfg = Debug|Any CPU
		{7D5BAE69-D2DE-4E43-A4A9-6A6370251EF4}.Debug|x64.Build.0 = Debug|Any CPU
		{7D5BAE69-D2DE-4E43-A4A9-6A6370251EF4}.Debug|x86.ActiveCfg = Debug|Any CPU
		{7D5BAE69-D2DE-4E43-A4A9-6A6370251EF4}.Debug|x86.Build.0 = Debug|Any CPU
		{7D5BAE69-D2DE-4E43-A4A9-6A6370251EF4}.Release|Any CPU.ActiveCfg = Release|Any CPU
		{7D5BAE69-D2DE-4E43-A4A9-6A6370251EF4}.Release|Any CPU.Build.0 = Release|Any CPU
		{7D5BAE69-D2DE-4E43-A4A9-6A6370251EF4}.Release|x64.ActiveCfg = Release|Any CPU
		{7D5BAE69-D2DE-4E43-A4A9-6A6370251EF4}.Release|x64.Build.0 = Release|Any CPU
		{7D5BAE69-D2DE-4E43-A4A9-6A6370251EF4}.Release|x86.ActiveCfg = Release|Any CPU
		{7D5BAE69-D2DE-4E43-A4A9-6A6370251EF4}.Release|x86.Build.0 = Release|Any CPU
		{11FE864E-CB9A-46F0-8003-8C5BA4D70970}.Debug|Any CPU.ActiveCfg = Debug|Any CPU
		{11FE864E-CB9A-46F0-8003-8C5BA4D70970}.Debug|Any CPU.Build.0 = Debug|Any CPU
		{11FE864E-CB9A-46F0-8003-8C5BA4D70970}.Debug|x64.ActiveCfg = Debug|Any CPU
		{11FE864E-CB9A-46F0-8003-8C5BA4D70970}.Debug|x64.Build.0 = Debug|Any CPU
		{11FE864E-CB9A-46F0-8003-8C5BA4D70970}.Debug|x86.ActiveCfg = Debug|Any CPU
		{11FE864E-CB9A-46F0-8003-8C5BA4D70970}.Debug|x86.Build.0 = Debug|Any CPU
		{11FE864E-CB9A-46F0-8003-8C5BA4D70970}.Release|Any CPU.ActiveCfg = Release|Any CPU
		{11FE864E-CB9A-46F0-8003-8C5BA4D70970}.Release|Any CPU.Build.0 = Release|Any CPU
		{11FE864E-CB9A-46F0-8003-8C5BA4D70970}.Release|x64.ActiveCfg = Release|Any CPU
		{11FE864E-CB9A-46F0-8003-8C5BA4D70970}.Release|x64.Build.0 = Release|Any CPU
		{11FE864E-CB9A-46F0-8003-8C5BA4D70970}.Release|x86.ActiveCfg = Release|Any CPU
		{11FE864E-CB9A-46F0-8003-8C5BA4D70970}.Release|x86.Build.0 = Release|Any CPU
		{99F4094E-DD49-4815-8110-954985B9B291}.Debug|Any CPU.ActiveCfg = Debug|Any CPU
		{99F4094E-DD49-4815-8110-954985B9B291}.Debug|Any CPU.Build.0 = Debug|Any CPU
		{99F4094E-DD49-4815-8110-954985B9B291}.Debug|x64.ActiveCfg = Debug|Any CPU
		{99F4094E-DD49-4815-8110-954985B9B291}.Debug|x64.Build.0 = Debug|Any CPU
		{99F4094E-DD49-4815-8110-954985B9B291}.Debug|x86.ActiveCfg = Debug|Any CPU
		{99F4094E-DD49-4815-8110-954985B9B291}.Debug|x86.Build.0 = Debug|Any CPU
		{99F4094E-DD49-4815-8110-954985B9B291}.Release|Any CPU.ActiveCfg = Release|Any CPU
		{99F4094E-DD49-4815-8110-954985B9B291}.Release|Any CPU.Build.0 = Release|Any CPU
		{99F4094E-DD49-4815-8110-954985B9B291}.Release|x64.ActiveCfg = Release|Any CPU
		{99F4094E-DD49-4815-8110-954985B9B291}.Release|x64.Build.0 = Release|Any CPU
		{99F4094E-DD49-4815-8110-954985B9B291}.Release|x86.ActiveCfg = Release|Any CPU
		{99F4094E-DD49-4815-8110-954985B9B291}.Release|x86.Build.0 = Release|Any CPU
		{4460662F-C99C-4B04-9911-B4D143637430}.Debug|Any CPU.ActiveCfg = Debug|Any CPU
		{4460662F-C99C-4B04-9911-B4D143637430}.Debug|Any CPU.Build.0 = Debug|Any CPU
		{4460662F-C99C-4B04-9911-B4D143637430}.Debug|x64.ActiveCfg = Debug|Any CPU
		{4460662F-C99C-4B04-9911-B4D143637430}.Debug|x64.Build.0 = Debug|Any CPU
		{4460662F-C99C-4B04-9911-B4D143637430}.Debug|x86.ActiveCfg = Debug|Any CPU
		{4460662F-C99C-4B04-9911-B4D143637430}.Debug|x86.Build.0 = Debug|Any CPU
		{4460662F-C99C-4B04-9911-B4D143637430}.Release|Any CPU.ActiveCfg = Release|Any CPU
		{4460662F-C99C-4B04-9911-B4D143637430}.Release|Any CPU.Build.0 = Release|Any CPU
		{4460662F-C99C-4B04-9911-B4D143637430}.Release|x64.ActiveCfg = Release|Any CPU
		{4460662F-C99C-4B04-9911-B4D143637430}.Release|x64.Build.0 = Release|Any CPU
		{4460662F-C99C-4B04-9911-B4D143637430}.Release|x86.ActiveCfg = Release|Any CPU
		{4460662F-C99C-4B04-9911-B4D143637430}.Release|x86.Build.0 = Release|Any CPU
		{CB907C07-8C43-47ED-8798-8E99C5DD991E}.Debug|Any CPU.ActiveCfg = Debug|Any CPU
		{CB907C07-8C43-47ED-8798-8E99C5DD991E}.Debug|Any CPU.Build.0 = Debug|Any CPU
		{CB907C07-8C43-47ED-8798-8E99C5DD991E}.Debug|x64.ActiveCfg = Debug|Any CPU
		{CB907C07-8C43-47ED-8798-8E99C5DD991E}.Debug|x64.Build.0 = Debug|Any CPU
		{CB907C07-8C43-47ED-8798-8E99C5DD991E}.Debug|x86.ActiveCfg = Debug|Any CPU
		{CB907C07-8C43-47ED-8798-8E99C5DD991E}.Debug|x86.Build.0 = Debug|Any CPU
		{CB907C07-8C43-47ED-8798-8E99C5DD991E}.Release|Any CPU.ActiveCfg = Release|Any CPU
		{CB907C07-8C43-47ED-8798-8E99C5DD991E}.Release|Any CPU.Build.0 = Release|Any CPU
		{CB907C07-8C43-47ED-8798-8E99C5DD991E}.Release|x64.ActiveCfg = Release|Any CPU
		{CB907C07-8C43-47ED-8798-8E99C5DD991E}.Release|x64.Build.0 = Release|Any CPU
		{CB907C07-8C43-47ED-8798-8E99C5DD991E}.Release|x86.ActiveCfg = Release|Any CPU
		{CB907C07-8C43-47ED-8798-8E99C5DD991E}.Release|x86.Build.0 = Release|Any CPU
		{9228C11A-64B4-48AF-AF2F-F56FB2FA008A}.Debug|Any CPU.ActiveCfg = Debug|Any CPU
		{9228C11A-64B4-48AF-AF2F-F56FB2FA008A}.Debug|Any CPU.Build.0 = Debug|Any CPU
		{9228C11A-64B4-48AF-AF2F-F56FB2FA008A}.Debug|x64.ActiveCfg = Debug|Any CPU
		{9228C11A-64B4-48AF-AF2F-F56FB2FA008A}.Debug|x64.Build.0 = Debug|Any CPU
		{9228C11A-64B4-48AF-AF2F-F56FB2FA008A}.Debug|x86.ActiveCfg = Debug|Any CPU
		{9228C11A-64B4-48AF-AF2F-F56FB2FA008A}.Debug|x86.Build.0 = Debug|Any CPU
		{9228C11A-64B4-48AF-AF2F-F56FB2FA008A}.Release|Any CPU.ActiveCfg = Release|Any CPU
		{9228C11A-64B4-48AF-AF2F-F56FB2FA008A}.Release|Any CPU.Build.0 = Release|Any CPU
		{9228C11A-64B4-48AF-AF2F-F56FB2FA008A}.Release|x64.ActiveCfg = Release|Any CPU
		{9228C11A-64B4-48AF-AF2F-F56FB2FA008A}.Release|x64.Build.0 = Release|Any CPU
		{9228C11A-64B4-48AF-AF2F-F56FB2FA008A}.Release|x86.ActiveCfg = Release|Any CPU
		{9228C11A-64B4-48AF-AF2F-F56FB2FA008A}.Release|x86.Build.0 = Release|Any CPU
		{2041CBEC-0FD5-468F-9B7C-19FB3D2E5FE2}.Debug|Any CPU.ActiveCfg = Debug|Any CPU
		{2041CBEC-0FD5-468F-9B7C-19FB3D2E5FE2}.Debug|Any CPU.Build.0 = Debug|Any CPU
		{2041CBEC-0FD5-468F-9B7C-19FB3D2E5FE2}.Debug|x64.ActiveCfg = Debug|Any CPU
		{2041CBEC-0FD5-468F-9B7C-19FB3D2E5FE2}.Debug|x64.Build.0 = Debug|Any CPU
		{2041CBEC-0FD5-468F-9B7C-19FB3D2E5FE2}.Debug|x86.ActiveCfg = Debug|Any CPU
		{2041CBEC-0FD5-468F-9B7C-19FB3D2E5FE2}.Debug|x86.Build.0 = Debug|Any CPU
		{2041CBEC-0FD5-468F-9B7C-19FB3D2E5FE2}.Release|Any CPU.ActiveCfg = Release|Any CPU
		{2041CBEC-0FD5-468F-9B7C-19FB3D2E5FE2}.Release|Any CPU.Build.0 = Release|Any CPU
		{2041CBEC-0FD5-468F-9B7C-19FB3D2E5FE2}.Release|x64.ActiveCfg = Release|Any CPU
		{2041CBEC-0FD5-468F-9B7C-19FB3D2E5FE2}.Release|x64.Build.0 = Release|Any CPU
		{2041CBEC-0FD5-468F-9B7C-19FB3D2E5FE2}.Release|x86.ActiveCfg = Release|Any CPU
		{2041CBEC-0FD5-468F-9B7C-19FB3D2E5FE2}.Release|x86.Build.0 = Release|Any CPU
		{077BC83A-7D4F-4E2D-B20C-8E3B6C60C949}.Debug|Any CPU.ActiveCfg = Debug|Any CPU
		{077BC83A-7D4F-4E2D-B20C-8E3B6C60C949}.Debug|Any CPU.Build.0 = Debug|Any CPU
		{077BC83A-7D4F-4E2D-B20C-8E3B6C60C949}.Debug|x64.ActiveCfg = Debug|Any CPU
		{077BC83A-7D4F-4E2D-B20C-8E3B6C60C949}.Debug|x64.Build.0 = Debug|Any CPU
		{077BC83A-7D4F-4E2D-B20C-8E3B6C60C949}.Debug|x86.ActiveCfg = Debug|Any CPU
		{077BC83A-7D4F-4E2D-B20C-8E3B6C60C949}.Debug|x86.Build.0 = Debug|Any CPU
		{077BC83A-7D4F-4E2D-B20C-8E3B6C60C949}.Release|Any CPU.ActiveCfg = Release|Any CPU
		{077BC83A-7D4F-4E2D-B20C-8E3B6C60C949}.Release|Any CPU.Build.0 = Release|Any CPU
		{077BC83A-7D4F-4E2D-B20C-8E3B6C60C949}.Release|x64.ActiveCfg = Release|Any CPU
		{077BC83A-7D4F-4E2D-B20C-8E3B6C60C949}.Release|x64.Build.0 = Release|Any CPU
		{077BC83A-7D4F-4E2D-B20C-8E3B6C60C949}.Release|x86.ActiveCfg = Release|Any CPU
		{077BC83A-7D4F-4E2D-B20C-8E3B6C60C949}.Release|x86.Build.0 = Release|Any CPU
		{48C48B26-116A-41C0-BF29-AD2D028CCA12}.Debug|Any CPU.ActiveCfg = Debug|Any CPU
		{48C48B26-116A-41C0-BF29-AD2D028CCA12}.Debug|Any CPU.Build.0 = Debug|Any CPU
		{48C48B26-116A-41C0-BF29-AD2D028CCA12}.Debug|x64.ActiveCfg = Debug|Any CPU
		{48C48B26-116A-41C0-BF29-AD2D028CCA12}.Debug|x64.Build.0 = Debug|Any CPU
		{48C48B26-116A-41C0-BF29-AD2D028CCA12}.Debug|x86.ActiveCfg = Debug|Any CPU
		{48C48B26-116A-41C0-BF29-AD2D028CCA12}.Debug|x86.Build.0 = Debug|Any CPU
		{48C48B26-116A-41C0-BF29-AD2D028CCA12}.Release|Any CPU.ActiveCfg = Release|Any CPU
		{48C48B26-116A-41C0-BF29-AD2D028CCA12}.Release|Any CPU.Build.0 = Release|Any CPU
		{48C48B26-116A-41C0-BF29-AD2D028CCA12}.Release|x64.ActiveCfg = Release|Any CPU
		{48C48B26-116A-41C0-BF29-AD2D028CCA12}.Release|x64.Build.0 = Release|Any CPU
		{48C48B26-116A-41C0-BF29-AD2D028CCA12}.Release|x86.ActiveCfg = Release|Any CPU
		{48C48B26-116A-41C0-BF29-AD2D028CCA12}.Release|x86.Build.0 = Release|Any CPU
		{9D7ECCC9-DAFC-4DA1-BB66-85AF5471DECF}.Debug|Any CPU.ActiveCfg = Debug|Any CPU
		{9D7ECCC9-DAFC-4DA1-BB66-85AF5471DECF}.Debug|Any CPU.Build.0 = Debug|Any CPU
		{9D7ECCC9-DAFC-4DA1-BB66-85AF5471DECF}.Debug|x64.ActiveCfg = Debug|Any CPU
		{9D7ECCC9-DAFC-4DA1-BB66-85AF5471DECF}.Debug|x64.Build.0 = Debug|Any CPU
		{9D7ECCC9-DAFC-4DA1-BB66-85AF5471DECF}.Debug|x86.ActiveCfg = Debug|Any CPU
		{9D7ECCC9-DAFC-4DA1-BB66-85AF5471DECF}.Debug|x86.Build.0 = Debug|Any CPU
		{9D7ECCC9-DAFC-4DA1-BB66-85AF5471DECF}.Release|Any CPU.ActiveCfg = Release|Any CPU
		{9D7ECCC9-DAFC-4DA1-BB66-85AF5471DECF}.Release|Any CPU.Build.0 = Release|Any CPU
		{9D7ECCC9-DAFC-4DA1-BB66-85AF5471DECF}.Release|x64.ActiveCfg = Release|Any CPU
		{9D7ECCC9-DAFC-4DA1-BB66-85AF5471DECF}.Release|x64.Build.0 = Release|Any CPU
		{9D7ECCC9-DAFC-4DA1-BB66-85AF5471DECF}.Release|x86.ActiveCfg = Release|Any CPU
		{9D7ECCC9-DAFC-4DA1-BB66-85AF5471DECF}.Release|x86.Build.0 = Release|Any CPU
		{8AF894C9-BECD-49A9-9CD3-51943B1EE386}.Debug|Any CPU.ActiveCfg = Debug|Any CPU
		{8AF894C9-BECD-49A9-9CD3-51943B1EE386}.Debug|Any CPU.Build.0 = Debug|Any CPU
		{8AF894C9-BECD-49A9-9CD3-51943B1EE386}.Debug|x64.ActiveCfg = Debug|Any CPU
		{8AF894C9-BECD-49A9-9CD3-51943B1EE386}.Debug|x64.Build.0 = Debug|Any CPU
		{8AF894C9-BECD-49A9-9CD3-51943B1EE386}.Debug|x86.ActiveCfg = Debug|Any CPU
		{8AF894C9-BECD-49A9-9CD3-51943B1EE386}.Debug|x86.Build.0 = Debug|Any CPU
		{8AF894C9-BECD-49A9-9CD3-51943B1EE386}.Release|Any CPU.ActiveCfg = Release|Any CPU
		{8AF894C9-BECD-49A9-9CD3-51943B1EE386}.Release|Any CPU.Build.0 = Release|Any CPU
		{8AF894C9-BECD-49A9-9CD3-51943B1EE386}.Release|x64.ActiveCfg = Release|Any CPU
		{8AF894C9-BECD-49A9-9CD3-51943B1EE386}.Release|x64.Build.0 = Release|Any CPU
		{8AF894C9-BECD-49A9-9CD3-51943B1EE386}.Release|x86.ActiveCfg = Release|Any CPU
		{8AF894C9-BECD-49A9-9CD3-51943B1EE386}.Release|x86.Build.0 = Release|Any CPU
		{5B7BF230-D999-445D-B3BB-E5E1E2E87B41}.Debug|Any CPU.ActiveCfg = Debug|Any CPU
		{5B7BF230-D999-445D-B3BB-E5E1E2E87B41}.Debug|Any CPU.Build.0 = Debug|Any CPU
		{5B7BF230-D999-445D-B3BB-E5E1E2E87B41}.Debug|x64.ActiveCfg = Debug|Any CPU
		{5B7BF230-D999-445D-B3BB-E5E1E2E87B41}.Debug|x64.Build.0 = Debug|Any CPU
		{5B7BF230-D999-445D-B3BB-E5E1E2E87B41}.Debug|x86.ActiveCfg = Debug|Any CPU
		{5B7BF230-D999-445D-B3BB-E5E1E2E87B41}.Debug|x86.Build.0 = Debug|Any CPU
		{5B7BF230-D999-445D-B3BB-E5E1E2E87B41}.Release|Any CPU.ActiveCfg = Release|Any CPU
		{5B7BF230-D999-445D-B3BB-E5E1E2E87B41}.Release|Any CPU.Build.0 = Release|Any CPU
		{5B7BF230-D999-445D-B3BB-E5E1E2E87B41}.Release|x64.ActiveCfg = Release|Any CPU
		{5B7BF230-D999-445D-B3BB-E5E1E2E87B41}.Release|x64.Build.0 = Release|Any CPU
		{5B7BF230-D999-445D-B3BB-E5E1E2E87B41}.Release|x86.ActiveCfg = Release|Any CPU
		{5B7BF230-D999-445D-B3BB-E5E1E2E87B41}.Release|x86.Build.0 = Release|Any CPU
		{F75B3334-DC1D-46F1-9222-64865C389AAC}.Debug|Any CPU.ActiveCfg = Debug|Any CPU
		{F75B3334-DC1D-46F1-9222-64865C389AAC}.Debug|Any CPU.Build.0 = Debug|Any CPU
		{F75B3334-DC1D-46F1-9222-64865C389AAC}.Debug|x64.ActiveCfg = Debug|Any CPU
		{F75B3334-DC1D-46F1-9222-64865C389AAC}.Debug|x64.Build.0 = Debug|Any CPU
		{F75B3334-DC1D-46F1-9222-64865C389AAC}.Debug|x86.ActiveCfg = Debug|Any CPU
		{F75B3334-DC1D-46F1-9222-64865C389AAC}.Debug|x86.Build.0 = Debug|Any CPU
		{F75B3334-DC1D-46F1-9222-64865C389AAC}.Release|Any CPU.ActiveCfg = Release|Any CPU
		{F75B3334-DC1D-46F1-9222-64865C389AAC}.Release|Any CPU.Build.0 = Release|Any CPU
		{F75B3334-DC1D-46F1-9222-64865C389AAC}.Release|x64.ActiveCfg = Release|Any CPU
		{F75B3334-DC1D-46F1-9222-64865C389AAC}.Release|x64.Build.0 = Release|Any CPU
		{F75B3334-DC1D-46F1-9222-64865C389AAC}.Release|x86.ActiveCfg = Release|Any CPU
		{F75B3334-DC1D-46F1-9222-64865C389AAC}.Release|x86.Build.0 = Release|Any CPU
		{ECBAF273-4934-4B9F-9C84-BFFEE60BF39B}.Debug|Any CPU.ActiveCfg = Debug|Any CPU
		{ECBAF273-4934-4B9F-9C84-BFFEE60BF39B}.Debug|Any CPU.Build.0 = Debug|Any CPU
		{ECBAF273-4934-4B9F-9C84-BFFEE60BF39B}.Debug|x64.ActiveCfg = Debug|Any CPU
		{ECBAF273-4934-4B9F-9C84-BFFEE60BF39B}.Debug|x64.Build.0 = Debug|Any CPU
		{ECBAF273-4934-4B9F-9C84-BFFEE60BF39B}.Debug|x86.ActiveCfg = Debug|Any CPU
		{ECBAF273-4934-4B9F-9C84-BFFEE60BF39B}.Debug|x86.Build.0 = Debug|Any CPU
		{ECBAF273-4934-4B9F-9C84-BFFEE60BF39B}.Release|Any CPU.ActiveCfg = Release|Any CPU
		{ECBAF273-4934-4B9F-9C84-BFFEE60BF39B}.Release|Any CPU.Build.0 = Release|Any CPU
		{ECBAF273-4934-4B9F-9C84-BFFEE60BF39B}.Release|x64.ActiveCfg = Release|Any CPU
		{ECBAF273-4934-4B9F-9C84-BFFEE60BF39B}.Release|x64.Build.0 = Release|Any CPU
		{ECBAF273-4934-4B9F-9C84-BFFEE60BF39B}.Release|x86.ActiveCfg = Release|Any CPU
		{ECBAF273-4934-4B9F-9C84-BFFEE60BF39B}.Release|x86.Build.0 = Release|Any CPU
		{B6B3587D-7A7F-41D3-B074-CE8FA8D7EF1A}.Debug|Any CPU.ActiveCfg = Debug|Any CPU
		{B6B3587D-7A7F-41D3-B074-CE8FA8D7EF1A}.Debug|Any CPU.Build.0 = Debug|Any CPU
		{B6B3587D-7A7F-41D3-B074-CE8FA8D7EF1A}.Debug|x64.ActiveCfg = Debug|Any CPU
		{B6B3587D-7A7F-41D3-B074-CE8FA8D7EF1A}.Debug|x64.Build.0 = Debug|Any CPU
		{B6B3587D-7A7F-41D3-B074-CE8FA8D7EF1A}.Debug|x86.ActiveCfg = Debug|Any CPU
		{B6B3587D-7A7F-41D3-B074-CE8FA8D7EF1A}.Debug|x86.Build.0 = Debug|Any CPU
		{B6B3587D-7A7F-41D3-B074-CE8FA8D7EF1A}.Release|Any CPU.ActiveCfg = Release|Any CPU
		{B6B3587D-7A7F-41D3-B074-CE8FA8D7EF1A}.Release|Any CPU.Build.0 = Release|Any CPU
		{B6B3587D-7A7F-41D3-B074-CE8FA8D7EF1A}.Release|x64.ActiveCfg = Release|Any CPU
		{B6B3587D-7A7F-41D3-B074-CE8FA8D7EF1A}.Release|x64.Build.0 = Release|Any CPU
		{B6B3587D-7A7F-41D3-B074-CE8FA8D7EF1A}.Release|x86.ActiveCfg = Release|Any CPU
		{B6B3587D-7A7F-41D3-B074-CE8FA8D7EF1A}.Release|x86.Build.0 = Release|Any CPU
		{4F157860-5FE3-4DBE-8736-62A3621D930D}.Debug|Any CPU.ActiveCfg = Debug|Any CPU
		{4F157860-5FE3-4DBE-8736-62A3621D930D}.Debug|Any CPU.Build.0 = Debug|Any CPU
		{4F157860-5FE3-4DBE-8736-62A3621D930D}.Debug|x64.ActiveCfg = Debug|Any CPU
		{4F157860-5FE3-4DBE-8736-62A3621D930D}.Debug|x64.Build.0 = Debug|Any CPU
		{4F157860-5FE3-4DBE-8736-62A3621D930D}.Debug|x86.ActiveCfg = Debug|Any CPU
		{4F157860-5FE3-4DBE-8736-62A3621D930D}.Debug|x86.Build.0 = Debug|Any CPU
		{4F157860-5FE3-4DBE-8736-62A3621D930D}.Release|Any CPU.ActiveCfg = Release|Any CPU
		{4F157860-5FE3-4DBE-8736-62A3621D930D}.Release|Any CPU.Build.0 = Release|Any CPU
		{4F157860-5FE3-4DBE-8736-62A3621D930D}.Release|x64.ActiveCfg = Release|Any CPU
		{4F157860-5FE3-4DBE-8736-62A3621D930D}.Release|x64.Build.0 = Release|Any CPU
		{4F157860-5FE3-4DBE-8736-62A3621D930D}.Release|x86.ActiveCfg = Release|Any CPU
		{4F157860-5FE3-4DBE-8736-62A3621D930D}.Release|x86.Build.0 = Release|Any CPU
		{FBCA7275-381C-4769-AB39-2E9EC4DB8F5D}.Debug|Any CPU.ActiveCfg = Debug|Any CPU
		{FBCA7275-381C-4769-AB39-2E9EC4DB8F5D}.Debug|Any CPU.Build.0 = Debug|Any CPU
		{FBCA7275-381C-4769-AB39-2E9EC4DB8F5D}.Debug|x64.ActiveCfg = Debug|Any CPU
		{FBCA7275-381C-4769-AB39-2E9EC4DB8F5D}.Debug|x64.Build.0 = Debug|Any CPU
		{FBCA7275-381C-4769-AB39-2E9EC4DB8F5D}.Debug|x86.ActiveCfg = Debug|Any CPU
		{FBCA7275-381C-4769-AB39-2E9EC4DB8F5D}.Debug|x86.Build.0 = Debug|Any CPU
		{FBCA7275-381C-4769-AB39-2E9EC4DB8F5D}.Release|Any CPU.ActiveCfg = Release|Any CPU
		{FBCA7275-381C-4769-AB39-2E9EC4DB8F5D}.Release|Any CPU.Build.0 = Release|Any CPU
		{FBCA7275-381C-4769-AB39-2E9EC4DB8F5D}.Release|x64.ActiveCfg = Release|Any CPU
		{FBCA7275-381C-4769-AB39-2E9EC4DB8F5D}.Release|x64.Build.0 = Release|Any CPU
		{FBCA7275-381C-4769-AB39-2E9EC4DB8F5D}.Release|x86.ActiveCfg = Release|Any CPU
		{FBCA7275-381C-4769-AB39-2E9EC4DB8F5D}.Release|x86.Build.0 = Release|Any CPU
		{597E4171-9BBD-44C3-A4C2-0A4156E41FC3}.Debug|Any CPU.ActiveCfg = Debug|Any CPU
		{597E4171-9BBD-44C3-A4C2-0A4156E41FC3}.Debug|Any CPU.Build.0 = Debug|Any CPU
		{597E4171-9BBD-44C3-A4C2-0A4156E41FC3}.Debug|x64.ActiveCfg = Debug|Any CPU
		{597E4171-9BBD-44C3-A4C2-0A4156E41FC3}.Debug|x64.Build.0 = Debug|Any CPU
		{597E4171-9BBD-44C3-A4C2-0A4156E41FC3}.Debug|x86.ActiveCfg = Debug|Any CPU
		{597E4171-9BBD-44C3-A4C2-0A4156E41FC3}.Debug|x86.Build.0 = Debug|Any CPU
		{597E4171-9BBD-44C3-A4C2-0A4156E41FC3}.Release|Any CPU.ActiveCfg = Release|Any CPU
		{597E4171-9BBD-44C3-A4C2-0A4156E41FC3}.Release|Any CPU.Build.0 = Release|Any CPU
		{597E4171-9BBD-44C3-A4C2-0A4156E41FC3}.Release|x64.ActiveCfg = Release|Any CPU
		{597E4171-9BBD-44C3-A4C2-0A4156E41FC3}.Release|x64.Build.0 = Release|Any CPU
		{597E4171-9BBD-44C3-A4C2-0A4156E41FC3}.Release|x86.ActiveCfg = Release|Any CPU
		{597E4171-9BBD-44C3-A4C2-0A4156E41FC3}.Release|x86.Build.0 = Release|Any CPU
		{4B56C45C-2044-426A-8FF3-13BBF19BEE92}.Debug|Any CPU.ActiveCfg = Debug|Any CPU
		{4B56C45C-2044-426A-8FF3-13BBF19BEE92}.Debug|Any CPU.Build.0 = Debug|Any CPU
		{4B56C45C-2044-426A-8FF3-13BBF19BEE92}.Debug|x64.ActiveCfg = Debug|Any CPU
		{4B56C45C-2044-426A-8FF3-13BBF19BEE92}.Debug|x64.Build.0 = Debug|Any CPU
		{4B56C45C-2044-426A-8FF3-13BBF19BEE92}.Debug|x86.ActiveCfg = Debug|Any CPU
		{4B56C45C-2044-426A-8FF3-13BBF19BEE92}.Debug|x86.Build.0 = Debug|Any CPU
		{4B56C45C-2044-426A-8FF3-13BBF19BEE92}.Release|Any CPU.ActiveCfg = Release|Any CPU
		{4B56C45C-2044-426A-8FF3-13BBF19BEE92}.Release|Any CPU.Build.0 = Release|Any CPU
		{4B56C45C-2044-426A-8FF3-13BBF19BEE92}.Release|x64.ActiveCfg = Release|Any CPU
		{4B56C45C-2044-426A-8FF3-13BBF19BEE92}.Release|x64.Build.0 = Release|Any CPU
		{4B56C45C-2044-426A-8FF3-13BBF19BEE92}.Release|x86.ActiveCfg = Release|Any CPU
		{4B56C45C-2044-426A-8FF3-13BBF19BEE92}.Release|x86.Build.0 = Release|Any CPU
		{CFFEC820-2D4A-4FC7-A581-BD4F95466EAA}.Debug|Any CPU.ActiveCfg = Debug|Any CPU
		{CFFEC820-2D4A-4FC7-A581-BD4F95466EAA}.Debug|Any CPU.Build.0 = Debug|Any CPU
		{CFFEC820-2D4A-4FC7-A581-BD4F95466EAA}.Debug|x64.ActiveCfg = Debug|Any CPU
		{CFFEC820-2D4A-4FC7-A581-BD4F95466EAA}.Debug|x64.Build.0 = Debug|Any CPU
		{CFFEC820-2D4A-4FC7-A581-BD4F95466EAA}.Debug|x86.ActiveCfg = Debug|Any CPU
		{CFFEC820-2D4A-4FC7-A581-BD4F95466EAA}.Debug|x86.Build.0 = Debug|Any CPU
		{CFFEC820-2D4A-4FC7-A581-BD4F95466EAA}.Release|Any CPU.ActiveCfg = Release|Any CPU
		{CFFEC820-2D4A-4FC7-A581-BD4F95466EAA}.Release|Any CPU.Build.0 = Release|Any CPU
		{CFFEC820-2D4A-4FC7-A581-BD4F95466EAA}.Release|x64.ActiveCfg = Release|Any CPU
		{CFFEC820-2D4A-4FC7-A581-BD4F95466EAA}.Release|x64.Build.0 = Release|Any CPU
		{CFFEC820-2D4A-4FC7-A581-BD4F95466EAA}.Release|x86.ActiveCfg = Release|Any CPU
		{CFFEC820-2D4A-4FC7-A581-BD4F95466EAA}.Release|x86.Build.0 = Release|Any CPU
	EndGlobalSection
	GlobalSection(SolutionProperties) = preSolution
		HideSolutionNode = FALSE
	EndGlobalSection
	GlobalSection(NestedProjects) = preSolution
		{7D5BAE69-D2DE-4E43-A4A9-6A6370251EF4} = {0BB39A05-1926-C2B2-7003-8EB281EB5439}
		{68A8C3EF-A67B-0EA3-1A38-EE351F60CA1E} = {07D57EEB-2F50-60C4-C011-FE4FA775C9A8}
		{99F4094E-DD49-4815-8110-954985B9B291} = {68A8C3EF-A67B-0EA3-1A38-EE351F60CA1E}
		{3933E155-6B39-D2FA-722E-261BC28DC0D5} = {07D57EEB-2F50-60C4-C011-FE4FA775C9A8}
		{4460662F-C99C-4B04-9911-B4D143637430} = {3933E155-6B39-D2FA-722E-261BC28DC0D5}
		{1D2D4118-4212-0201-B140-8C57D9B1B249} = {07D57EEB-2F50-60C4-C011-FE4FA775C9A8}
		{CB907C07-8C43-47ED-8798-8E99C5DD991E} = {1D2D4118-4212-0201-B140-8C57D9B1B249}
		{64AD333C-636A-ECED-59BE-1097C44B76CE} = {07D57EEB-2F50-60C4-C011-FE4FA775C9A8}
		{9228C11A-64B4-48AF-AF2F-F56FB2FA008A} = {64AD333C-636A-ECED-59BE-1097C44B76CE}
		{AD2EF077-FE09-F968-D8A6-D1BEE05D08B8} = {07D57EEB-2F50-60C4-C011-FE4FA775C9A8}
		{2041CBEC-0FD5-468F-9B7C-19FB3D2E5FE2} = {AD2EF077-FE09-F968-D8A6-D1BEE05D08B8}
		{D63C2D4A-D287-31B9-3371-8E74123F6826} = {07D57EEB-2F50-60C4-C011-FE4FA775C9A8}
		{077BC83A-7D4F-4E2D-B20C-8E3B6C60C949} = {D63C2D4A-D287-31B9-3371-8E74123F6826}
		{76ACD4A9-3B11-0D2B-3EDB-38D0EAD5623E} = {07D57EEB-2F50-60C4-C011-FE4FA775C9A8}
		{48C48B26-116A-41C0-BF29-AD2D028CCA12} = {76ACD4A9-3B11-0D2B-3EDB-38D0EAD5623E}
		{F8428CE4-570A-A0A5-E181-79357FCC7AA4} = {07D57EEB-2F50-60C4-C011-FE4FA775C9A8}
		{9D7ECCC9-DAFC-4DA1-BB66-85AF5471DECF} = {F8428CE4-570A-A0A5-E181-79357FCC7AA4}
		{376C9B8C-C114-50A0-D9B7-F042AAAECC68} = {07D57EEB-2F50-60C4-C011-FE4FA775C9A8}
		{8AF894C9-BECD-49A9-9CD3-51943B1EE386} = {376C9B8C-C114-50A0-D9B7-F042AAAECC68}
		{3A4A4E3D-F778-33E8-4146-8DAF62911BC4} = {07D57EEB-2F50-60C4-C011-FE4FA775C9A8}
		{5B7BF230-D999-445D-B3BB-E5E1E2E87B41} = {3A4A4E3D-F778-33E8-4146-8DAF62911BC4}
		{B4BCCFA4-8F61-ECFF-2ADE-AD163FE3C83E} = {07D57EEB-2F50-60C4-C011-FE4FA775C9A8}
		{F75B3334-DC1D-46F1-9222-64865C389AAC} = {B4BCCFA4-8F61-ECFF-2ADE-AD163FE3C83E}
		{9013F7C9-255B-2F6D-A5E1-991C2F05AED6} = {07D57EEB-2F50-60C4-C011-FE4FA775C9A8}
		{ECBAF273-4934-4B9F-9C84-BFFEE60BF39B} = {9013F7C9-255B-2F6D-A5E1-991C2F05AED6}
		{C0C0B16C-7870-5ACB-47C7-AB9F9CDFF199} = {07D57EEB-2F50-60C4-C011-FE4FA775C9A8}
		{0D879528-0EED-7472-AC9D-6537BEE87BC4} = {C0C0B16C-7870-5ACB-47C7-AB9F9CDFF199}
		{B6B3587D-7A7F-41D3-B074-CE8FA8D7EF1A} = {0D879528-0EED-7472-AC9D-6537BEE87BC4}
		{A4A1C7CF-DF3E-E928-5A38-9741DCFA57D6} = {07D57EEB-2F50-60C4-C011-FE4FA775C9A8}
		{4CA05B6A-3598-42CD-9464-F4A51C340754} = {A4A1C7CF-DF3E-E928-5A38-9741DCFA57D6}
		{4F157860-5FE3-4DBE-8736-62A3621D930D} = {4CA05B6A-3598-42CD-9464-F4A51C340754}
		{BF43D4B0-C074-B8A0-4269-CA617FD88253} = {A4A1C7CF-DF3E-E928-5A38-9741DCFA57D6}
		{FBCA7275-381C-4769-AB39-2E9EC4DB8F5D} = {BF43D4B0-C074-B8A0-4269-CA617FD88253}
		{A9D916FE-6BBA-FC79-DFA5-CFE31B2208E1} = {07D57EEB-2F50-60C4-C011-FE4FA775C9A8}
		{EC251B8E-D3F1-3689-74CE-2178CB5894C1} = {A9D916FE-6BBA-FC79-DFA5-CFE31B2208E1}
		{597E4171-9BBD-44C3-A4C2-0A4156E41FC3} = {EC251B8E-D3F1-3689-74CE-2178CB5894C1}
		{A52B2F6E-0549-4AA4-891E-B80B65F47197} = {0BB39A05-1926-C2B2-7003-8EB281EB5439}
		{11FE864E-CB9A-46F0-8003-8C5BA4D70970} = {A52B2F6E-0549-4AA4-891E-B80B65F47197}
		{4B56C45C-2044-426A-8FF3-13BBF19BEE92} = {0D879528-0EED-7472-AC9D-6537BEE87BC4}
		{CFFEC820-2D4A-4FC7-A581-BD4F95466EAA} = {0D879528-0EED-7472-AC9D-6537BEE87BC4}
	EndGlobalSection
EndGlobal
