
Microsoft Visual Studio Solution File, Format Version 12.00
# Visual Studio Version 17
VisualStudioVersion = 17.0.31903.59
MinimumVisualStudioVersion = 10.0.40219.1
Project("{2150E333-8FDC-42A3-9474-1A3956D46DE8}") = "Script", "Script", "{0BB39A05-1926-C2B2-7003-8EB281EB5439}"
EndProject
Project("{FAE04EC0-301F-11D3-BF4B-00C04F79EFBC}") = "UnrealPokemon.Glue", "UnrealPokemon.Glue\UnrealPokemon.Glue.csproj", "{01170882-1678-47D0-8569-797D3F5F0901}"
EndProject
Project("{FAE04EC0-301F-11D3-BF4B-00C04F79EFBC}") = "Pokemon.Assets", "PokemonStarterKit\Pokemon.Assets\Pokemon.Assets.csproj", "{BDE83D0B-8885-496B-8A1D-4A05E8FA4E08}"
EndProject
Project("{FAE04EC0-301F-11D3-BF4B-00C04F79EFBC}") = "Pokemon.Core", "PokemonStarterKit\Pokemon.Core\Pokemon.Core.csproj", "{978C243B-6005-4963-980A-6EDE0D79F0B5}"
EndProject
Project("{FAE04EC0-301F-11D3-BF4B-00C04F79EFBC}") = "Pokemon.Data", "PokemonStarterKit\Pokemon.Data\Pokemon.Data.csproj", "{8DBA174C-2477-4AB5-9F13-49C29D34592A}"
EndProject
Project("{FAE04EC0-301F-11D3-BF4B-00C04F79EFBC}") = "Pokemon.Editor", "PokemonStarterKit\Pokemon.Editor\Pokemon.Editor.csproj", "{6709EE88-62BD-4D0A-9414-8BDE8A50B485}"
EndProject
Project("{FAE04EC0-301F-11D3-BF4B-00C04F79EFBC}") = "Pokemon.Tests", "PokemonStarterKit\Pokemon.Tests\Pokemon.Tests.csproj", "{A3CD22C5-FC32-4422-B93D-4AD42205A063}"
EndProject
Project("{FAE04EC0-301F-11D3-BF4B-00C04F79EFBC}") = "Pokemon.UI", "PokemonStarterKit\Pokemon.UI\Pokemon.UI.csproj", "{935B855E-607C-4999-9993-3674F056198B}"
EndProject
Project("{2150E333-8FDC-42A3-9474-1A3956D46DE8}") = "Plugins", "Plugins", "{07D57EEB-2F50-60C4-C011-FE4FA775C9A8}"
EndProject
Project("{2150E333-8FDC-42A3-9474-1A3956D46DE8}") = "Data", "Data", "{C0C0B16C-7870-5ACB-47C7-AB9F9CDFF199}"
EndProject
Project("{2150E333-8FDC-42A3-9474-1A3956D46DE8}") = "EnhancedSaveGame", "EnhancedSaveGame", "{2F51C83B-73DF-28AB-801F-92A869B0B5A5}"
EndProject
Project("{FAE04EC0-301F-11D3-BF4B-00C04F79EFBC}") = "EnhancedSaveGame.Glue", "..\Plugins\Data\EnhancedSaveGame\Script\EnhancedSaveGame.Glue\EnhancedSaveGame.Glue.csproj", "{67C83136-0B3C-462B-8AB1-4E9A2C8394EF}"
EndProject
Project("{2150E333-8FDC-42A3-9474-1A3956D46DE8}") = "GameDataAccessTools", "GameDataAccessTools", "{0D879528-0EED-7472-AC9D-6537BEE87BC4}"
EndProject
Project("{FAE04EC0-301F-11D3-BF4B-00C04F79EFBC}") = "GameDataAccessTools.Core", "..\Plugins\Data\GameDataAccessTools\Script\GameDataAccessTools.Core\GameDataAccessTools.Core.csproj", "{ACE57FF3-3402-4CDB-8D61-B334AF662444}"
EndProject
Project("{FAE04EC0-301F-11D3-BF4B-00C04F79EFBC}") = "GameDataAccessTools.Editor", "..\Plugins\Data\GameDataAccessTools\Script\GameDataAccessTools.Editor\GameDataAccessTools.Editor.csproj", "{0C1A602E-8356-4C74-B241-F1982931CAA2}"
EndProject
Project("{FAE04EC0-301F-11D3-BF4B-00C04F79EFBC}") = "GameDataAccessTools.Glue", "..\Plugins\Data\GameDataAccessTools\Script\GameDataAccessTools.Glue\GameDataAccessTools.Glue.csproj", "{8A66986D-8C30-454D-BEA1-62A9D418410F}"
EndProject
Project("{FAE04EC0-301F-11D3-BF4B-00C04F79EFBC}") = "GameDataAccessTools.SourceGenerator", "..\Plugins\Data\GameDataAccessTools\Script\GameDataAccessTools.SourceGenerator\GameDataAccessTools.SourceGenerator.csproj", "{65D7F91B-080A-4F84-A383-420F762F3DBD}"
EndProject
Project("{2150E333-8FDC-42A3-9474-1A3956D46DE8}") = "Framework", "Framework", "{89275E19-35BC-3B41-609E-F1A643A19E02}"
EndProject
Project("{2150E333-8FDC-42A3-9474-1A3956D46DE8}") = "AudioPlaybackManager", "AudioPlaybackManager", "{69DF2E6F-4357-EDEE-BAC8-BB41684D347A}"
EndProject
Project("{FAE04EC0-301F-11D3-BF4B-00C04F79EFBC}") = "AudioPlaybackManager.Glue", "..\Plugins\Framework\AudioPlaybackManager\Script\AudioPlaybackManager.Glue\AudioPlaybackManager.Glue.csproj", "{845E3FB6-26F6-4F81-A43D-4B4055EC21AE}"
EndProject
Project("{2150E333-8FDC-42A3-9474-1A3956D46DE8}") = "Simple2D", "Simple2D", "{6A689490-A1DC-FBF7-A3A9-1242C5250251}"
EndProject
Project("{FAE04EC0-301F-11D3-BF4B-00C04F79EFBC}") = "Simple2D.Glue", "..\Plugins\Framework\Simple2D\Script\Simple2D.Glue\Simple2D.Glue.csproj", "{B3AF3031-ED6E-4660-AAF3-011928973052}"
EndProject
Project("{2150E333-8FDC-42A3-9474-1A3956D46DE8}") = "UnrealInject", "UnrealInject", "{35294C12-8AC4-4E63-27E3-80BC4945551F}"
EndProject
Project("{FAE04EC0-301F-11D3-BF4B-00C04F79EFBC}") = "UnrealInject", "..\Plugins\Framework\UnrealInject\Script\UnrealInject\UnrealInject.csproj", "{0CDB772F-011F-40D7-BC76-D043C693D32A}"
EndProject
Project("{FAE04EC0-301F-11D3-BF4B-00C04F79EFBC}") = "UnrealInject.SourceGenerator", "..\Plugins\Framework\UnrealInject\Script\UnrealInject.SourceGenerator\UnrealInject.SourceGenerator.csproj", "{3C6A813B-F373-4875-B4CD-0EEA303BE89F}"
EndProject
Project("{2150E333-8FDC-42A3-9474-1A3956D46DE8}") = "UnrealInjector", "UnrealInjector", "{461E08BA-7519-E736-62E4-E8BBF22FCC13}"
EndProject
Project("{FAE04EC0-301F-11D3-BF4B-00C04F79EFBC}") = "UnrealInjector.Glue", "..\Plugins\Framework\UnrealInjector\Script\UnrealInjector.Glue\UnrealInjector.Glue.csproj", "{956E1EB3-7734-454A-A2B1-B1F0548B0350}"
EndProject
Project("{2150E333-8FDC-42A3-9474-1A3956D46DE8}") = "Gameplay", "Gameplay", "{2D096CE7-204C-D957-5538-D7CEC8C2B168}"
EndProject
Project("{2150E333-8FDC-42A3-9474-1A3956D46DE8}") = "DayNightCycle", "DayNightCycle", "{9E606E3C-7590-B7F0-2C31-77B8603C827C}"
EndProject
Project("{FAE04EC0-301F-11D3-BF4B-00C04F79EFBC}") = "DayNightCycle.Glue", "..\Plugins\Gameplay\DayNightCycle\Script\DayNightCycle.Glue\DayNightCycle.Glue.csproj", "{BF6F8B66-1C18-4EE5-891E-F0A23FF048CF}"
EndProject
Project("{2150E333-8FDC-42A3-9474-1A3956D46DE8}") = "GridBased2D", "GridBased2D", "{DB761838-1DAD-6FA4-23DC-37D39FBBC478}"
EndProject
Project("{FAE04EC0-301F-11D3-BF4B-00C04F79EFBC}") = "GridBased2D.Glue", "..\Plugins\Gameplay\GridBased2D\Script\GridBased2D.Glue\GridBased2D.Glue.csproj", "{ECE33BDE-2840-4ACA-9268-4E24C54CFCD3}"
EndProject
Project("{2150E333-8FDC-42A3-9474-1A3956D46DE8}") = "RPGEssentials", "RPGEssentials", "{3CAD8700-9379-0A37-8B1B-F48BB7114FD5}"
EndProject
Project("{FAE04EC0-301F-11D3-BF4B-00C04F79EFBC}") = "RPG.Core", "..\Plugins\Gameplay\RPGEssentials\Script\RPG.Core\RPG.Core.csproj", "{64E3017C-36BF-458A-886F-E16E6C537278}"
EndProject
Project("{FAE04EC0-301F-11D3-BF4B-00C04F79EFBC}") = "RPG.SourceGenerator", "..\Plugins\Gameplay\RPGEssentials\Script\RPG.SourceGenerator\RPG.SourceGenerator.csproj", "{5F856F5F-CF3C-40A4-9F87-7AF25224BD9D}"
EndProject
Project("{FAE04EC0-301F-11D3-BF4B-00C04F79EFBC}") = "RPGEssentials.Glue", "..\Plugins\Gameplay\RPGEssentials\Script\RPGEssentials.Glue\RPGEssentials.Glue.csproj", "{6E1B9057-8FCD-42D1-AE38-A27A08DFF336}"
EndProject
Project("{2150E333-8FDC-42A3-9474-1A3956D46DE8}") = "TerrainTags", "TerrainTags", "{96D8D35C-E7DA-0DDC-2FF5-8212AE837320}"
EndProject
Project("{FAE04EC0-301F-11D3-BF4B-00C04F79EFBC}") = "MapMetadata.Glue", "..\Plugins\Gameplay\TerrainTags\Script\MapMetadata.Glue\MapMetadata.Glue.csproj", "{DB1BE38A-8C31-497F-A363-BA864D0A3DA0}"
EndProject
Project("{2150E333-8FDC-42A3-9474-1A3956D46DE8}") = "Testing", "Testing", "{C989307A-ADF3-42E6-7967-7F50EFFFA483}"
EndProject
Project("{2150E333-8FDC-42A3-9474-1A3956D46DE8}") = "AutomationTestHelpers", "AutomationTestHelpers", "{5636D65E-55EA-4AA3-5FA3-6440F2BBAF74}"
EndProject
Project("{FAE04EC0-301F-11D3-BF4B-00C04F79EFBC}") = "AutomationTestHelpers.Glue", "..\Plugins\Testing\AutomationTestHelpers\Script\AutomationTestHelpers.Glue\AutomationTestHelpers.Glue.csproj", "{D51AE71B-A866-42A3-88A2-8E6E5C2EFB3D}"
EndProject
Project("{2150E333-8FDC-42A3-9474-1A3956D46DE8}") = "UnrealSharpTest", "UnrealSharpTest", "{07D9CFBB-A50C-F314-E649-35633523660C}"
EndProject
Project("{FAE04EC0-301F-11D3-BF4B-00C04F79EFBC}") = "UnrealSharp.Test", "..\Plugins\Testing\UnrealSharpTest\Script\UnrealSharp.Test\UnrealSharp.Test.csproj", "{F96693A7-F9EA-4394-B013-E279A78DDA85}"
EndProject
Project("{FAE04EC0-301F-11D3-BF4B-00C04F79EFBC}") = "UnrealSharp.Test.Functional", "..\Plugins\Testing\UnrealSharpTest\Script\UnrealSharp.Test.Functional\UnrealSharp.Test.Functional.csproj", "{677BA208-82D6-49FE-AEE0-A2BA961F3EED}"
EndProject
Project("{FAE04EC0-301F-11D3-BF4B-00C04F79EFBC}") = "UnrealSharp.Test.Sample", "..\Plugins\Testing\UnrealSharpTest\Script\UnrealSharp.Test.Sample\UnrealSharp.Test.Sample.csproj", "{60729419-68B5-49FB-94F1-F6C8043EF0CE}"
EndProject
Project("{FAE04EC0-301F-11D3-BF4B-00C04F79EFBC}") = "UnrealSharp.Test.Utils", "..\Plugins\Testing\UnrealSharpTest\Script\UnrealSharp.Test.Utils\UnrealSharp.Test.Utils.csproj", "{3734A8A9-E2FD-4755-8E26-8AAE5B0AC9DC}"
EndProject
Project("{FAE04EC0-301F-11D3-BF4B-00C04F79EFBC}") = "UnrealSharpTest.Glue", "..\Plugins\Testing\UnrealSharpTest\Script\UnrealSharpTest.Glue\UnrealSharpTest.Glue.csproj", "{7F656385-60A0-4CD3-A5EB-4F71C55526C5}"
EndProject
Project("{2150E333-8FDC-42A3-9474-1A3956D46DE8}") = "UI", "UI", "{7267C3B6-2C03-DF35-62EB-753279D4FD95}"
EndProject
Project("{2150E333-8FDC-42A3-9474-1A3956D46DE8}") = "InteractiveUI", "InteractiveUI", "{86846424-3A9B-BDD8-F177-9DE3BF001D49}"
EndProject
Project("{FAE04EC0-301F-11D3-BF4B-00C04F79EFBC}") = "InteractiveUI.Core", "..\Plugins\UI\InteractiveUI\Script\InteractiveUI.Core\InteractiveUI.Core.csproj", "{8FA1BF6B-ABFB-4B04-9E5C-EE3BDFDD584D}"
EndProject
Project("{FAE04EC0-301F-11D3-BF4B-00C04F79EFBC}") = "InteractiveUI.Glue", "..\Plugins\UI\InteractiveUI\Script\InteractiveUI.Glue\InteractiveUI.Glue.csproj", "{D6CE8FB8-7101-4C34-90D8-782296BB2686}"
EndProject
Project("{2150E333-8FDC-42A3-9474-1A3956D46DE8}") = "UnrealSharpCommonUI", "UnrealSharpCommonUI", "{98AC7D6A-2272-9409-F2AF-B622DB995F46}"
EndProject
Project("{FAE04EC0-301F-11D3-BF4B-00C04F79EFBC}") = "UnrealSharpCommonUI.Glue", "..\Plugins\UI\UnrealSharpCommonUI\Script\UnrealSharpCommonUI.Glue\UnrealSharpCommonUI.Glue.csproj", "{0638CAD4-6068-4F1F-B390-B416FB1A82E7}"
EndProject
Project("{2150E333-8FDC-42A3-9474-1A3956D46DE8}") = "Utilities", "Utilities", "{A9D916FE-6BBA-FC79-DFA5-CFE31B2208E1}"
EndProject
Project("{2150E333-8FDC-42A3-9474-1A3956D46DE8}") = "CommonUtilities", "CommonUtilities", "{EC251B8E-D3F1-3689-74CE-2178CB5894C1}"
EndProject
Project("{FAE04EC0-301F-11D3-BF4B-00C04F79EFBC}") = "CommonUtilities.Glue", "..\Plugins\Utilities\CommonUtilities\Script\CommonUtilities.Glue\CommonUtilities.Glue.csproj", "{D088502F-A05E-4AB9-9CFB-E4A998A0D429}"
EndProject
Project("{2150E333-8FDC-42A3-9474-1A3956D46DE8}") = "GridMapEditor", "GridMapEditor", "{977DDDD6-0A40-B175-52EB-6179ACFF1E65}"
EndProject
Project("{FAE04EC0-301F-11D3-BF4B-00C04F79EFBC}") = "GridMapEditor.Glue", "..\Plugins\Utilities\GridMapEditor\Script\GridMapEditor.Glue\GridMapEditor.Glue.csproj", "{445B2E21-84E3-4D42-8BA6-8A05FBC2D294}"
EndProject
Project("{2150E333-8FDC-42A3-9474-1A3956D46DE8}") = "RetroLib", "RetroLib", "{C149FF0D-1A0D-CE58-95F6-A252BDE3A26B}"
EndProject
Project("{FAE04EC0-301F-11D3-BF4B-00C04F79EFBC}") = "RetroLib.Glue", "..\Plugins\Utilities\RetroLib\Script\RetroLib.Glue\RetroLib.Glue.csproj", "{DAB82FA9-97BC-4082-B5A2-1D2F0A2038D2}"
EndProject
Project("{2150E333-8FDC-42A3-9474-1A3956D46DE8}") = "TileReplacer", "TileReplacer", "{F67F44BF-AEA5-CA2C-317B-E2F851FEC540}"
EndProject
Project("{FAE04EC0-301F-11D3-BF4B-00C04F79EFBC}") = "TileReplacer.Glue", "..\Plugins\Utilities\TileReplacer\Script\TileReplacer.Glue\TileReplacer.Glue.csproj", "{2DB8D426-0198-418B-BE8C-3FAC280303E5}"
EndProject
Project("{2150E333-8FDC-42A3-9474-1A3956D46DE8}") = "UE5Coro", "UE5Coro", "{0E9ACA87-86BD-DFE2-072D-7C86B781E3E9}"
EndProject
Project("{FAE04EC0-301F-11D3-BF4B-00C04F79EFBC}") = "UE5Coro.Glue", "..\Plugins\Utilities\UE5Coro\Script\UE5Coro.Glue\UE5Coro.Glue.csproj", "{ACC88590-8A69-49EE-B7E9-28058DE46861}"
EndProject
Global
	GlobalSection(SolutionConfigurationPlatforms) = preSolution
		Debug|Any CPU = Debug|Any CPU
		Debug|x64 = Debug|x64
		Debug|x86 = Debug|x86
		Release|Any CPU = Release|Any CPU
		Release|x64 = Release|x64
		Release|x86 = Release|x86
	EndGlobalSection
	GlobalSection(ProjectConfigurationPlatforms) = postSolution
		{01170882-1678-47D0-8569-797D3F5F0901}.Debug|Any CPU.ActiveCfg = Debug|Any CPU
		{01170882-1678-47D0-8569-797D3F5F0901}.Debug|Any CPU.Build.0 = Debug|Any CPU
		{01170882-1678-47D0-8569-797D3F5F0901}.Debug|x64.ActiveCfg = Debug|Any CPU
		{01170882-1678-47D0-8569-797D3F5F0901}.Debug|x64.Build.0 = Debug|Any CPU
		{01170882-1678-47D0-8569-797D3F5F0901}.Debug|x86.ActiveCfg = Debug|Any CPU
		{01170882-1678-47D0-8569-797D3F5F0901}.Debug|x86.Build.0 = Debug|Any CPU
		{01170882-1678-47D0-8569-797D3F5F0901}.Release|Any CPU.ActiveCfg = Release|Any CPU
		{01170882-1678-47D0-8569-797D3F5F0901}.Release|Any CPU.Build.0 = Release|Any CPU
		{01170882-1678-47D0-8569-797D3F5F0901}.Release|x64.ActiveCfg = Release|Any CPU
		{01170882-1678-47D0-8569-797D3F5F0901}.Release|x64.Build.0 = Release|Any CPU
		{01170882-1678-47D0-8569-797D3F5F0901}.Release|x86.ActiveCfg = Release|Any CPU
		{01170882-1678-47D0-8569-797D3F5F0901}.Release|x86.Build.0 = Release|Any CPU
		{BDE83D0B-8885-496B-8A1D-4A05E8FA4E08}.Debug|Any CPU.ActiveCfg = Debug|Any CPU
		{BDE83D0B-8885-496B-8A1D-4A05E8FA4E08}.Debug|Any CPU.Build.0 = Debug|Any CPU
		{BDE83D0B-8885-496B-8A1D-4A05E8FA4E08}.Debug|x64.ActiveCfg = Debug|Any CPU
		{BDE83D0B-8885-496B-8A1D-4A05E8FA4E08}.Debug|x64.Build.0 = Debug|Any CPU
		{BDE83D0B-8885-496B-8A1D-4A05E8FA4E08}.Debug|x86.ActiveCfg = Debug|Any CPU
		{BDE83D0B-8885-496B-8A1D-4A05E8FA4E08}.Debug|x86.Build.0 = Debug|Any CPU
		{BDE83D0B-8885-496B-8A1D-4A05E8FA4E08}.Release|Any CPU.ActiveCfg = Release|Any CPU
		{BDE83D0B-8885-496B-8A1D-4A05E8FA4E08}.Release|Any CPU.Build.0 = Release|Any CPU
		{BDE83D0B-8885-496B-8A1D-4A05E8FA4E08}.Release|x64.ActiveCfg = Release|Any CPU
		{BDE83D0B-8885-496B-8A1D-4A05E8FA4E08}.Release|x64.Build.0 = Release|Any CPU
		{BDE83D0B-8885-496B-8A1D-4A05E8FA4E08}.Release|x86.ActiveCfg = Release|Any CPU
		{BDE83D0B-8885-496B-8A1D-4A05E8FA4E08}.Release|x86.Build.0 = Release|Any CPU
		{978C243B-6005-4963-980A-6EDE0D79F0B5}.Debug|Any CPU.ActiveCfg = Debug|Any CPU
		{978C243B-6005-4963-980A-6EDE0D79F0B5}.Debug|Any CPU.Build.0 = Debug|Any CPU
		{978C243B-6005-4963-980A-6EDE0D79F0B5}.Debug|x64.ActiveCfg = Debug|Any CPU
		{978C243B-6005-4963-980A-6EDE0D79F0B5}.Debug|x64.Build.0 = Debug|Any CPU
		{978C243B-6005-4963-980A-6EDE0D79F0B5}.Debug|x86.ActiveCfg = Debug|Any CPU
		{978C243B-6005-4963-980A-6EDE0D79F0B5}.Debug|x86.Build.0 = Debug|Any CPU
		{978C243B-6005-4963-980A-6EDE0D79F0B5}.Release|Any CPU.ActiveCfg = Release|Any CPU
		{978C243B-6005-4963-980A-6EDE0D79F0B5}.Release|Any CPU.Build.0 = Release|Any CPU
		{978C243B-6005-4963-980A-6EDE0D79F0B5}.Release|x64.ActiveCfg = Release|Any CPU
		{978C243B-6005-4963-980A-6EDE0D79F0B5}.Release|x64.Build.0 = Release|Any CPU
		{978C243B-6005-4963-980A-6EDE0D79F0B5}.Release|x86.ActiveCfg = Release|Any CPU
		{978C243B-6005-4963-980A-6EDE0D79F0B5}.Release|x86.Build.0 = Release|Any CPU
		{8DBA174C-2477-4AB5-9F13-49C29D34592A}.Debug|Any CPU.ActiveCfg = Debug|Any CPU
		{8DBA174C-2477-4AB5-9F13-49C29D34592A}.Debug|Any CPU.Build.0 = Debug|Any CPU
		{8DBA174C-2477-4AB5-9F13-49C29D34592A}.Debug|x64.ActiveCfg = Debug|Any CPU
		{8DBA174C-2477-4AB5-9F13-49C29D34592A}.Debug|x64.Build.0 = Debug|Any CPU
		{8DBA174C-2477-4AB5-9F13-49C29D34592A}.Debug|x86.ActiveCfg = Debug|Any CPU
		{8DBA174C-2477-4AB5-9F13-49C29D34592A}.Debug|x86.Build.0 = Debug|Any CPU
		{8DBA174C-2477-4AB5-9F13-49C29D34592A}.Release|Any CPU.ActiveCfg = Release|Any CPU
		{8DBA174C-2477-4AB5-9F13-49C29D34592A}.Release|Any CPU.Build.0 = Release|Any CPU
		{8DBA174C-2477-4AB5-9F13-49C29D34592A}.Release|x64.ActiveCfg = Release|Any CPU
		{8DBA174C-2477-4AB5-9F13-49C29D34592A}.Release|x64.Build.0 = Release|Any CPU
		{8DBA174C-2477-4AB5-9F13-49C29D34592A}.Release|x86.ActiveCfg = Release|Any CPU
		{8DBA174C-2477-4AB5-9F13-49C29D34592A}.Release|x86.Build.0 = Release|Any CPU
		{6709EE88-62BD-4D0A-9414-8BDE8A50B485}.Debug|Any CPU.ActiveCfg = Debug|Any CPU
		{6709EE88-62BD-4D0A-9414-8BDE8A50B485}.Debug|Any CPU.Build.0 = Debug|Any CPU
		{6709EE88-62BD-4D0A-9414-8BDE8A50B485}.Debug|x64.ActiveCfg = Debug|Any CPU
		{6709EE88-62BD-4D0A-9414-8BDE8A50B485}.Debug|x64.Build.0 = Debug|Any CPU
		{6709EE88-62BD-4D0A-9414-8BDE8A50B485}.Debug|x86.ActiveCfg = Debug|Any CPU
		{6709EE88-62BD-4D0A-9414-8BDE8A50B485}.Debug|x86.Build.0 = Debug|Any CPU
		{6709EE88-62BD-4D0A-9414-8BDE8A50B485}.Release|Any CPU.ActiveCfg = Release|Any CPU
		{6709EE88-62BD-4D0A-9414-8BDE8A50B485}.Release|Any CPU.Build.0 = Release|Any CPU
		{6709EE88-62BD-4D0A-9414-8BDE8A50B485}.Release|x64.ActiveCfg = Release|Any CPU
		{6709EE88-62BD-4D0A-9414-8BDE8A50B485}.Release|x64.Build.0 = Release|Any CPU
		{6709EE88-62BD-4D0A-9414-8BDE8A50B485}.Release|x86.ActiveCfg = Release|Any CPU
		{6709EE88-62BD-4D0A-9414-8BDE8A50B485}.Release|x86.Build.0 = Release|Any CPU
		{A3CD22C5-FC32-4422-B93D-4AD42205A063}.Debug|Any CPU.ActiveCfg = Debug|Any CPU
		{A3CD22C5-FC32-4422-B93D-4AD42205A063}.Debug|Any CPU.Build.0 = Debug|Any CPU
		{A3CD22C5-FC32-4422-B93D-4AD42205A063}.Debug|x64.ActiveCfg = Debug|Any CPU
		{A3CD22C5-FC32-4422-B93D-4AD42205A063}.Debug|x64.Build.0 = Debug|Any CPU
		{A3CD22C5-FC32-4422-B93D-4AD42205A063}.Debug|x86.ActiveCfg = Debug|Any CPU
		{A3CD22C5-FC32-4422-B93D-4AD42205A063}.Debug|x86.Build.0 = Debug|Any CPU
		{A3CD22C5-FC32-4422-B93D-4AD42205A063}.Release|Any CPU.ActiveCfg = Release|Any CPU
		{A3CD22C5-FC32-4422-B93D-4AD42205A063}.Release|Any CPU.Build.0 = Release|Any CPU
		{A3CD22C5-FC32-4422-B93D-4AD42205A063}.Release|x64.ActiveCfg = Release|Any CPU
		{A3CD22C5-FC32-4422-B93D-4AD42205A063}.Release|x64.Build.0 = Release|Any CPU
		{A3CD22C5-FC32-4422-B93D-4AD42205A063}.Release|x86.ActiveCfg = Release|Any CPU
		{A3CD22C5-FC32-4422-B93D-4AD42205A063}.Release|x86.Build.0 = Release|Any CPU
		{935B855E-607C-4999-9993-3674F056198B}.Debug|Any CPU.ActiveCfg = Debug|Any CPU
		{935B855E-607C-4999-9993-3674F056198B}.Debug|Any CPU.Build.0 = Debug|Any CPU
		{935B855E-607C-4999-9993-3674F056198B}.Debug|x64.ActiveCfg = Debug|Any CPU
		{935B855E-607C-4999-9993-3674F056198B}.Debug|x64.Build.0 = Debug|Any CPU
		{935B855E-607C-4999-9993-3674F056198B}.Debug|x86.ActiveCfg = Debug|Any CPU
		{935B855E-607C-4999-9993-3674F056198B}.Debug|x86.Build.0 = Debug|Any CPU
		{935B855E-607C-4999-9993-3674F056198B}.Release|Any CPU.ActiveCfg = Release|Any CPU
		{935B855E-607C-4999-9993-3674F056198B}.Release|Any CPU.Build.0 = Release|Any CPU
		{935B855E-607C-4999-9993-3674F056198B}.Release|x64.ActiveCfg = Release|Any CPU
		{935B855E-607C-4999-9993-3674F056198B}.Release|x64.Build.0 = Release|Any CPU
		{935B855E-607C-4999-9993-3674F056198B}.Release|x86.ActiveCfg = Release|Any CPU
		{935B855E-607C-4999-9993-3674F056198B}.Release|x86.Build.0 = Release|Any CPU
		{67C83136-0B3C-462B-8AB1-4E9A2C8394EF}.Debug|Any CPU.ActiveCfg = Debug|Any CPU
		{67C83136-0B3C-462B-8AB1-4E9A2C8394EF}.Debug|Any CPU.Build.0 = Debug|Any CPU
		{67C83136-0B3C-462B-8AB1-4E9A2C8394EF}.Debug|x64.ActiveCfg = Debug|Any CPU
		{67C83136-0B3C-462B-8AB1-4E9A2C8394EF}.Debug|x64.Build.0 = Debug|Any CPU
		{67C83136-0B3C-462B-8AB1-4E9A2C8394EF}.Debug|x86.ActiveCfg = Debug|Any CPU
		{67C83136-0B3C-462B-8AB1-4E9A2C8394EF}.Debug|x86.Build.0 = Debug|Any CPU
		{67C83136-0B3C-462B-8AB1-4E9A2C8394EF}.Release|Any CPU.ActiveCfg = Release|Any CPU
		{67C83136-0B3C-462B-8AB1-4E9A2C8394EF}.Release|Any CPU.Build.0 = Release|Any CPU
		{67C83136-0B3C-462B-8AB1-4E9A2C8394EF}.Release|x64.ActiveCfg = Release|Any CPU
		{67C83136-0B3C-462B-8AB1-4E9A2C8394EF}.Release|x64.Build.0 = Release|Any CPU
		{67C83136-0B3C-462B-8AB1-4E9A2C8394EF}.Release|x86.ActiveCfg = Release|Any CPU
		{67C83136-0B3C-462B-8AB1-4E9A2C8394EF}.Release|x86.Build.0 = Release|Any CPU
		{ACE57FF3-3402-4CDB-8D61-B334AF662444}.Debug|Any CPU.ActiveCfg = Debug|Any CPU
		{ACE57FF3-3402-4CDB-8D61-B334AF662444}.Debug|Any CPU.Build.0 = Debug|Any CPU
		{ACE57FF3-3402-4CDB-8D61-B334AF662444}.Debug|x64.ActiveCfg = Debug|Any CPU
		{ACE57FF3-3402-4CDB-8D61-B334AF662444}.Debug|x64.Build.0 = Debug|Any CPU
		{ACE57FF3-3402-4CDB-8D61-B334AF662444}.Debug|x86.ActiveCfg = Debug|Any CPU
		{ACE57FF3-3402-4CDB-8D61-B334AF662444}.Debug|x86.Build.0 = Debug|Any CPU
		{ACE57FF3-3402-4CDB-8D61-B334AF662444}.Release|Any CPU.ActiveCfg = Release|Any CPU
		{ACE57FF3-3402-4CDB-8D61-B334AF662444}.Release|Any CPU.Build.0 = Release|Any CPU
		{ACE57FF3-3402-4CDB-8D61-B334AF662444}.Release|x64.ActiveCfg = Release|Any CPU
		{ACE57FF3-3402-4CDB-8D61-B334AF662444}.Release|x64.Build.0 = Release|Any CPU
		{ACE57FF3-3402-4CDB-8D61-B334AF662444}.Release|x86.ActiveCfg = Release|Any CPU
		{ACE57FF3-3402-4CDB-8D61-B334AF662444}.Release|x86.Build.0 = Release|Any CPU
		{0C1A602E-8356-4C74-B241-F1982931CAA2}.Debug|Any CPU.ActiveCfg = Debug|Any CPU
		{0C1A602E-8356-4C74-B241-F1982931CAA2}.Debug|Any CPU.Build.0 = Debug|Any CPU
		{0C1A602E-8356-4C74-B241-F1982931CAA2}.Debug|x64.ActiveCfg = Debug|Any CPU
		{0C1A602E-8356-4C74-B241-F1982931CAA2}.Debug|x64.Build.0 = Debug|Any CPU
		{0C1A602E-8356-4C74-B241-F1982931CAA2}.Debug|x86.ActiveCfg = Debug|Any CPU
		{0C1A602E-8356-4C74-B241-F1982931CAA2}.Debug|x86.Build.0 = Debug|Any CPU
		{0C1A602E-8356-4C74-B241-F1982931CAA2}.Release|Any CPU.ActiveCfg = Release|Any CPU
		{0C1A602E-8356-4C74-B241-F1982931CAA2}.Release|Any CPU.Build.0 = Release|Any CPU
		{0C1A602E-8356-4C74-B241-F1982931CAA2}.Release|x64.ActiveCfg = Release|Any CPU
		{0C1A602E-8356-4C74-B241-F1982931CAA2}.Release|x64.Build.0 = Release|Any CPU
		{0C1A602E-8356-4C74-B241-F1982931CAA2}.Release|x86.ActiveCfg = Release|Any CPU
		{0C1A602E-8356-4C74-B241-F1982931CAA2}.Release|x86.Build.0 = Release|Any CPU
		{8A66986D-8C30-454D-BEA1-62A9D418410F}.Debug|Any CPU.ActiveCfg = Debug|Any CPU
		{8A66986D-8C30-454D-BEA1-62A9D418410F}.Debug|Any CPU.Build.0 = Debug|Any CPU
		{8A66986D-8C30-454D-BEA1-62A9D418410F}.Debug|x64.ActiveCfg = Debug|Any CPU
		{8A66986D-8C30-454D-BEA1-62A9D418410F}.Debug|x64.Build.0 = Debug|Any CPU
		{8A66986D-8C30-454D-BEA1-62A9D418410F}.Debug|x86.ActiveCfg = Debug|Any CPU
		{8A66986D-8C30-454D-BEA1-62A9D418410F}.Debug|x86.Build.0 = Debug|Any CPU
		{8A66986D-8C30-454D-BEA1-62A9D418410F}.Release|Any CPU.ActiveCfg = Release|Any CPU
		{8A66986D-8C30-454D-BEA1-62A9D418410F}.Release|Any CPU.Build.0 = Release|Any CPU
		{8A66986D-8C30-454D-BEA1-62A9D418410F}.Release|x64.ActiveCfg = Release|Any CPU
		{8A66986D-8C30-454D-BEA1-62A9D418410F}.Release|x64.Build.0 = Release|Any CPU
		{8A66986D-8C30-454D-BEA1-62A9D418410F}.Release|x86.ActiveCfg = Release|Any CPU
		{8A66986D-8C30-454D-BEA1-62A9D418410F}.Release|x86.Build.0 = Release|Any CPU
		{65D7F91B-080A-4F84-A383-420F762F3DBD}.Debug|Any CPU.ActiveCfg = Debug|Any CPU
		{65D7F91B-080A-4F84-A383-420F762F3DBD}.Debug|Any CPU.Build.0 = Debug|Any CPU
		{65D7F91B-080A-4F84-A383-420F762F3DBD}.Debug|x64.ActiveCfg = Debug|Any CPU
		{65D7F91B-080A-4F84-A383-420F762F3DBD}.Debug|x64.Build.0 = Debug|Any CPU
		{65D7F91B-080A-4F84-A383-420F762F3DBD}.Debug|x86.ActiveCfg = Debug|Any CPU
		{65D7F91B-080A-4F84-A383-420F762F3DBD}.Debug|x86.Build.0 = Debug|Any CPU
		{65D7F91B-080A-4F84-A383-420F762F3DBD}.Release|Any CPU.ActiveCfg = Release|Any CPU
		{65D7F91B-080A-4F84-A383-420F762F3DBD}.Release|Any CPU.Build.0 = Release|Any CPU
		{65D7F91B-080A-4F84-A383-420F762F3DBD}.Release|x64.ActiveCfg = Release|Any CPU
		{65D7F91B-080A-4F84-A383-420F762F3DBD}.Release|x64.Build.0 = Release|Any CPU
		{65D7F91B-080A-4F84-A383-420F762F3DBD}.Release|x86.ActiveCfg = Release|Any CPU
		{65D7F91B-080A-4F84-A383-420F762F3DBD}.Release|x86.Build.0 = Release|Any CPU
		{845E3FB6-26F6-4F81-A43D-4B4055EC21AE}.Debug|Any CPU.ActiveCfg = Debug|Any CPU
		{845E3FB6-26F6-4F81-A43D-4B4055EC21AE}.Debug|Any CPU.Build.0 = Debug|Any CPU
		{845E3FB6-26F6-4F81-A43D-4B4055EC21AE}.Debug|x64.ActiveCfg = Debug|Any CPU
		{845E3FB6-26F6-4F81-A43D-4B4055EC21AE}.Debug|x64.Build.0 = Debug|Any CPU
		{845E3FB6-26F6-4F81-A43D-4B4055EC21AE}.Debug|x86.ActiveCfg = Debug|Any CPU
		{845E3FB6-26F6-4F81-A43D-4B4055EC21AE}.Debug|x86.Build.0 = Debug|Any CPU
		{845E3FB6-26F6-4F81-A43D-4B4055EC21AE}.Release|Any CPU.ActiveCfg = Release|Any CPU
		{845E3FB6-26F6-4F81-A43D-4B4055EC21AE}.Release|Any CPU.Build.0 = Release|Any CPU
		{845E3FB6-26F6-4F81-A43D-4B4055EC21AE}.Release|x64.ActiveCfg = Release|Any CPU
		{845E3FB6-26F6-4F81-A43D-4B4055EC21AE}.Release|x64.Build.0 = Release|Any CPU
		{845E3FB6-26F6-4F81-A43D-4B4055EC21AE}.Release|x86.ActiveCfg = Release|Any CPU
		{845E3FB6-26F6-4F81-A43D-4B4055EC21AE}.Release|x86.Build.0 = Release|Any CPU
		{B3AF3031-ED6E-4660-AAF3-011928973052}.Debug|Any CPU.ActiveCfg = Debug|Any CPU
		{B3AF3031-ED6E-4660-AAF3-011928973052}.Debug|Any CPU.Build.0 = Debug|Any CPU
		{B3AF3031-ED6E-4660-AAF3-011928973052}.Debug|x64.ActiveCfg = Debug|Any CPU
		{B3AF3031-ED6E-4660-AAF3-011928973052}.Debug|x64.Build.0 = Debug|Any CPU
		{B3AF3031-ED6E-4660-AAF3-011928973052}.Debug|x86.ActiveCfg = Debug|Any CPU
		{B3AF3031-ED6E-4660-AAF3-011928973052}.Debug|x86.Build.0 = Debug|Any CPU
		{B3AF3031-ED6E-4660-AAF3-011928973052}.Release|Any CPU.ActiveCfg = Release|Any CPU
		{B3AF3031-ED6E-4660-AAF3-011928973052}.Release|Any CPU.Build.0 = Release|Any CPU
		{B3AF3031-ED6E-4660-AAF3-011928973052}.Release|x64.ActiveCfg = Release|Any CPU
		{B3AF3031-ED6E-4660-AAF3-011928973052}.Release|x64.Build.0 = Release|Any CPU
		{B3AF3031-ED6E-4660-AAF3-011928973052}.Release|x86.ActiveCfg = Release|Any CPU
		{B3AF3031-ED6E-4660-AAF3-011928973052}.Release|x86.Build.0 = Release|Any CPU
		{0CDB772F-011F-40D7-BC76-D043C693D32A}.Debug|Any CPU.ActiveCfg = Debug|Any CPU
		{0CDB772F-011F-40D7-BC76-D043C693D32A}.Debug|Any CPU.Build.0 = Debug|Any CPU
		{0CDB772F-011F-40D7-BC76-D043C693D32A}.Debug|x64.ActiveCfg = Debug|Any CPU
		{0CDB772F-011F-40D7-BC76-D043C693D32A}.Debug|x64.Build.0 = Debug|Any CPU
		{0CDB772F-011F-40D7-BC76-D043C693D32A}.Debug|x86.ActiveCfg = Debug|Any CPU
		{0CDB772F-011F-40D7-BC76-D043C693D32A}.Debug|x86.Build.0 = Debug|Any CPU
		{0CDB772F-011F-40D7-BC76-D043C693D32A}.Release|Any CPU.ActiveCfg = Release|Any CPU
		{0CDB772F-011F-40D7-BC76-D043C693D32A}.Release|Any CPU.Build.0 = Release|Any CPU
		{0CDB772F-011F-40D7-BC76-D043C693D32A}.Release|x64.ActiveCfg = Release|Any CPU
		{0CDB772F-011F-40D7-BC76-D043C693D32A}.Release|x64.Build.0 = Release|Any CPU
		{0CDB772F-011F-40D7-BC76-D043C693D32A}.Release|x86.ActiveCfg = Release|Any CPU
		{0CDB772F-011F-40D7-BC76-D043C693D32A}.Release|x86.Build.0 = Release|Any CPU
		{3C6A813B-F373-4875-B4CD-0EEA303BE89F}.Debug|Any CPU.ActiveCfg = Debug|Any CPU
		{3C6A813B-F373-4875-B4CD-0EEA303BE89F}.Debug|Any CPU.Build.0 = Debug|Any CPU
		{3C6A813B-F373-4875-B4CD-0EEA303BE89F}.Debug|x64.ActiveCfg = Debug|Any CPU
		{3C6A813B-F373-4875-B4CD-0EEA303BE89F}.Debug|x64.Build.0 = Debug|Any CPU
		{3C6A813B-F373-4875-B4CD-0EEA303BE89F}.Debug|x86.ActiveCfg = Debug|Any CPU
		{3C6A813B-F373-4875-B4CD-0EEA303BE89F}.Debug|x86.Build.0 = Debug|Any CPU
		{3C6A813B-F373-4875-B4CD-0EEA303BE89F}.Release|Any CPU.ActiveCfg = Release|Any CPU
		{3C6A813B-F373-4875-B4CD-0EEA303BE89F}.Release|Any CPU.Build.0 = Release|Any CPU
		{3C6A813B-F373-4875-B4CD-0EEA303BE89F}.Release|x64.ActiveCfg = Release|Any CPU
		{3C6A813B-F373-4875-B4CD-0EEA303BE89F}.Release|x64.Build.0 = Release|Any CPU
		{3C6A813B-F373-4875-B4CD-0EEA303BE89F}.Release|x86.ActiveCfg = Release|Any CPU
		{3C6A813B-F373-4875-B4CD-0EEA303BE89F}.Release|x86.Build.0 = Release|Any CPU
		{956E1EB3-7734-454A-A2B1-B1F0548B0350}.Debug|Any CPU.ActiveCfg = Debug|Any CPU
		{956E1EB3-7734-454A-A2B1-B1F0548B0350}.Debug|Any CPU.Build.0 = Debug|Any CPU
		{956E1EB3-7734-454A-A2B1-B1F0548B0350}.Debug|x64.ActiveCfg = Debug|Any CPU
		{956E1EB3-7734-454A-A2B1-B1F0548B0350}.Debug|x64.Build.0 = Debug|Any CPU
		{956E1EB3-7734-454A-A2B1-B1F0548B0350}.Debug|x86.ActiveCfg = Debug|Any CPU
		{956E1EB3-7734-454A-A2B1-B1F0548B0350}.Debug|x86.Build.0 = Debug|Any CPU
		{956E1EB3-7734-454A-A2B1-B1F0548B0350}.Release|Any CPU.ActiveCfg = Release|Any CPU
		{956E1EB3-7734-454A-A2B1-B1F0548B0350}.Release|Any CPU.Build.0 = Release|Any CPU
		{956E1EB3-7734-454A-A2B1-B1F0548B0350}.Release|x64.ActiveCfg = Release|Any CPU
		{956E1EB3-7734-454A-A2B1-B1F0548B0350}.Release|x64.Build.0 = Release|Any CPU
		{956E1EB3-7734-454A-A2B1-B1F0548B0350}.Release|x86.ActiveCfg = Release|Any CPU
		{956E1EB3-7734-454A-A2B1-B1F0548B0350}.Release|x86.Build.0 = Release|Any CPU
		{BF6F8B66-1C18-4EE5-891E-F0A23FF048CF}.Debug|Any CPU.ActiveCfg = Debug|Any CPU
		{BF6F8B66-1C18-4EE5-891E-F0A23FF048CF}.Debug|Any CPU.Build.0 = Debug|Any CPU
		{BF6F8B66-1C18-4EE5-891E-F0A23FF048CF}.Debug|x64.ActiveCfg = Debug|Any CPU
		{BF6F8B66-1C18-4EE5-891E-F0A23FF048CF}.Debug|x64.Build.0 = Debug|Any CPU
		{BF6F8B66-1C18-4EE5-891E-F0A23FF048CF}.Debug|x86.ActiveCfg = Debug|Any CPU
		{BF6F8B66-1C18-4EE5-891E-F0A23FF048CF}.Debug|x86.Build.0 = Debug|Any CPU
		{BF6F8B66-1C18-4EE5-891E-F0A23FF048CF}.Release|Any CPU.ActiveCfg = Release|Any CPU
		{BF6F8B66-1C18-4EE5-891E-F0A23FF048CF}.Release|Any CPU.Build.0 = Release|Any CPU
		{BF6F8B66-1C18-4EE5-891E-F0A23FF048CF}.Release|x64.ActiveCfg = Release|Any CPU
		{BF6F8B66-1C18-4EE5-891E-F0A23FF048CF}.Release|x64.Build.0 = Release|Any CPU
		{BF6F8B66-1C18-4EE5-891E-F0A23FF048CF}.Release|x86.ActiveCfg = Release|Any CPU
		{BF6F8B66-1C18-4EE5-891E-F0A23FF048CF}.Release|x86.Build.0 = Release|Any CPU
		{ECE33BDE-2840-4ACA-9268-4E24C54CFCD3}.Debug|Any CPU.ActiveCfg = Debug|Any CPU
		{ECE33BDE-2840-4ACA-9268-4E24C54CFCD3}.Debug|Any CPU.Build.0 = Debug|Any CPU
		{ECE33BDE-2840-4ACA-9268-4E24C54CFCD3}.Debug|x64.ActiveCfg = Debug|Any CPU
		{ECE33BDE-2840-4ACA-9268-4E24C54CFCD3}.Debug|x64.Build.0 = Debug|Any CPU
		{ECE33BDE-2840-4ACA-9268-4E24C54CFCD3}.Debug|x86.ActiveCfg = Debug|Any CPU
		{ECE33BDE-2840-4ACA-9268-4E24C54CFCD3}.Debug|x86.Build.0 = Debug|Any CPU
		{ECE33BDE-2840-4ACA-9268-4E24C54CFCD3}.Release|Any CPU.ActiveCfg = Release|Any CPU
		{ECE33BDE-2840-4ACA-9268-4E24C54CFCD3}.Release|Any CPU.Build.0 = Release|Any CPU
		{ECE33BDE-2840-4ACA-9268-4E24C54CFCD3}.Release|x64.ActiveCfg = Release|Any CPU
		{ECE33BDE-2840-4ACA-9268-4E24C54CFCD3}.Release|x64.Build.0 = Release|Any CPU
		{ECE33BDE-2840-4ACA-9268-4E24C54CFCD3}.Release|x86.ActiveCfg = Release|Any CPU
		{ECE33BDE-2840-4ACA-9268-4E24C54CFCD3}.Release|x86.Build.0 = Release|Any CPU
		{64E3017C-36BF-458A-886F-E16E6C537278}.Debug|Any CPU.ActiveCfg = Debug|Any CPU
		{64E3017C-36BF-458A-886F-E16E6C537278}.Debug|Any CPU.Build.0 = Debug|Any CPU
		{64E3017C-36BF-458A-886F-E16E6C537278}.Debug|x64.ActiveCfg = Debug|Any CPU
		{64E3017C-36BF-458A-886F-E16E6C537278}.Debug|x64.Build.0 = Debug|Any CPU
		{64E3017C-36BF-458A-886F-E16E6C537278}.Debug|x86.ActiveCfg = Debug|Any CPU
		{64E3017C-36BF-458A-886F-E16E6C537278}.Debug|x86.Build.0 = Debug|Any CPU
		{64E3017C-36BF-458A-886F-E16E6C537278}.Release|Any CPU.ActiveCfg = Release|Any CPU
		{64E3017C-36BF-458A-886F-E16E6C537278}.Release|Any CPU.Build.0 = Release|Any CPU
		{64E3017C-36BF-458A-886F-E16E6C537278}.Release|x64.ActiveCfg = Release|Any CPU
		{64E3017C-36BF-458A-886F-E16E6C537278}.Release|x64.Build.0 = Release|Any CPU
		{64E3017C-36BF-458A-886F-E16E6C537278}.Release|x86.ActiveCfg = Release|Any CPU
		{64E3017C-36BF-458A-886F-E16E6C537278}.Release|x86.Build.0 = Release|Any CPU
		{5F856F5F-CF3C-40A4-9F87-7AF25224BD9D}.Debug|Any CPU.ActiveCfg = Debug|Any CPU
		{5F856F5F-CF3C-40A4-9F87-7AF25224BD9D}.Debug|Any CPU.Build.0 = Debug|Any CPU
		{5F856F5F-CF3C-40A4-9F87-7AF25224BD9D}.Debug|x64.ActiveCfg = Debug|Any CPU
		{5F856F5F-CF3C-40A4-9F87-7AF25224BD9D}.Debug|x64.Build.0 = Debug|Any CPU
		{5F856F5F-CF3C-40A4-9F87-7AF25224BD9D}.Debug|x86.ActiveCfg = Debug|Any CPU
		{5F856F5F-CF3C-40A4-9F87-7AF25224BD9D}.Debug|x86.Build.0 = Debug|Any CPU
		{5F856F5F-CF3C-40A4-9F87-7AF25224BD9D}.Release|Any CPU.ActiveCfg = Release|Any CPU
		{5F856F5F-CF3C-40A4-9F87-7AF25224BD9D}.Release|Any CPU.Build.0 = Release|Any CPU
		{5F856F5F-CF3C-40A4-9F87-7AF25224BD9D}.Release|x64.ActiveCfg = Release|Any CPU
		{5F856F5F-CF3C-40A4-9F87-7AF25224BD9D}.Release|x64.Build.0 = Release|Any CPU
		{5F856F5F-CF3C-40A4-9F87-7AF25224BD9D}.Release|x86.ActiveCfg = Release|Any CPU
		{5F856F5F-CF3C-40A4-9F87-7AF25224BD9D}.Release|x86.Build.0 = Release|Any CPU
		{6E1B9057-8FCD-42D1-AE38-A27A08DFF336}.Debug|Any CPU.ActiveCfg = Debug|Any CPU
		{6E1B9057-8FCD-42D1-AE38-A27A08DFF336}.Debug|Any CPU.Build.0 = Debug|Any CPU
		{6E1B9057-8FCD-42D1-AE38-A27A08DFF336}.Debug|x64.ActiveCfg = Debug|Any CPU
		{6E1B9057-8FCD-42D1-AE38-A27A08DFF336}.Debug|x64.Build.0 = Debug|Any CPU
		{6E1B9057-8FCD-42D1-AE38-A27A08DFF336}.Debug|x86.ActiveCfg = Debug|Any CPU
		{6E1B9057-8FCD-42D1-AE38-A27A08DFF336}.Debug|x86.Build.0 = Debug|Any CPU
		{6E1B9057-8FCD-42D1-AE38-A27A08DFF336}.Release|Any CPU.ActiveCfg = Release|Any CPU
		{6E1B9057-8FCD-42D1-AE38-A27A08DFF336}.Release|Any CPU.Build.0 = Release|Any CPU
		{6E1B9057-8FCD-42D1-AE38-A27A08DFF336}.Release|x64.ActiveCfg = Release|Any CPU
		{6E1B9057-8FCD-42D1-AE38-A27A08DFF336}.Release|x64.Build.0 = Release|Any CPU
		{6E1B9057-8FCD-42D1-AE38-A27A08DFF336}.Release|x86.ActiveCfg = Release|Any CPU
		{6E1B9057-8FCD-42D1-AE38-A27A08DFF336}.Release|x86.Build.0 = Release|Any CPU
		{DB1BE38A-8C31-497F-A363-BA864D0A3DA0}.Debug|Any CPU.ActiveCfg = Debug|Any CPU
		{DB1BE38A-8C31-497F-A363-BA864D0A3DA0}.Debug|Any CPU.Build.0 = Debug|Any CPU
		{DB1BE38A-8C31-497F-A363-BA864D0A3DA0}.Debug|x64.ActiveCfg = Debug|Any CPU
		{DB1BE38A-8C31-497F-A363-BA864D0A3DA0}.Debug|x64.Build.0 = Debug|Any CPU
		{DB1BE38A-8C31-497F-A363-BA864D0A3DA0}.Debug|x86.ActiveCfg = Debug|Any CPU
		{DB1BE38A-8C31-497F-A363-BA864D0A3DA0}.Debug|x86.Build.0 = Debug|Any CPU
		{DB1BE38A-8C31-497F-A363-BA864D0A3DA0}.Release|Any CPU.ActiveCfg = Release|Any CPU
		{DB1BE38A-8C31-497F-A363-BA864D0A3DA0}.Release|Any CPU.Build.0 = Release|Any CPU
		{DB1BE38A-8C31-497F-A363-BA864D0A3DA0}.Release|x64.ActiveCfg = Release|Any CPU
		{DB1BE38A-8C31-497F-A363-BA864D0A3DA0}.Release|x64.Build.0 = Release|Any CPU
		{DB1BE38A-8C31-497F-A363-BA864D0A3DA0}.Release|x86.ActiveCfg = Release|Any CPU
		{DB1BE38A-8C31-497F-A363-BA864D0A3DA0}.Release|x86.Build.0 = Release|Any CPU
		{D51AE71B-A866-42A3-88A2-8E6E5C2EFB3D}.Debug|Any CPU.ActiveCfg = Debug|Any CPU
		{D51AE71B-A866-42A3-88A2-8E6E5C2EFB3D}.Debug|Any CPU.Build.0 = Debug|Any CPU
		{D51AE71B-A866-42A3-88A2-8E6E5C2EFB3D}.Debug|x64.ActiveCfg = Debug|Any CPU
		{D51AE71B-A866-42A3-88A2-8E6E5C2EFB3D}.Debug|x64.Build.0 = Debug|Any CPU
		{D51AE71B-A866-42A3-88A2-8E6E5C2EFB3D}.Debug|x86.ActiveCfg = Debug|Any CPU
		{D51AE71B-A866-42A3-88A2-8E6E5C2EFB3D}.Debug|x86.Build.0 = Debug|Any CPU
		{D51AE71B-A866-42A3-88A2-8E6E5C2EFB3D}.Release|Any CPU.ActiveCfg = Release|Any CPU
		{D51AE71B-A866-42A3-88A2-8E6E5C2EFB3D}.Release|Any CPU.Build.0 = Release|Any CPU
		{D51AE71B-A866-42A3-88A2-8E6E5C2EFB3D}.Release|x64.ActiveCfg = Release|Any CPU
		{D51AE71B-A866-42A3-88A2-8E6E5C2EFB3D}.Release|x64.Build.0 = Release|Any CPU
		{D51AE71B-A866-42A3-88A2-8E6E5C2EFB3D}.Release|x86.ActiveCfg = Release|Any CPU
		{D51AE71B-A866-42A3-88A2-8E6E5C2EFB3D}.Release|x86.Build.0 = Release|Any CPU
		{F96693A7-F9EA-4394-B013-E279A78DDA85}.Debug|Any CPU.ActiveCfg = Debug|Any CPU
		{F96693A7-F9EA-4394-B013-E279A78DDA85}.Debug|Any CPU.Build.0 = Debug|Any CPU
		{F96693A7-F9EA-4394-B013-E279A78DDA85}.Debug|x64.ActiveCfg = Debug|Any CPU
		{F96693A7-F9EA-4394-B013-E279A78DDA85}.Debug|x64.Build.0 = Debug|Any CPU
		{F96693A7-F9EA-4394-B013-E279A78DDA85}.Debug|x86.ActiveCfg = Debug|Any CPU
		{F96693A7-F9EA-4394-B013-E279A78DDA85}.Debug|x86.Build.0 = Debug|Any CPU
		{F96693A7-F9EA-4394-B013-E279A78DDA85}.Release|Any CPU.ActiveCfg = Release|Any CPU
		{F96693A7-F9EA-4394-B013-E279A78DDA85}.Release|Any CPU.Build.0 = Release|Any CPU
		{F96693A7-F9EA-4394-B013-E279A78DDA85}.Release|x64.ActiveCfg = Release|Any CPU
		{F96693A7-F9EA-4394-B013-E279A78DDA85}.Release|x64.Build.0 = Release|Any CPU
		{F96693A7-F9EA-4394-B013-E279A78DDA85}.Release|x86.ActiveCfg = Release|Any CPU
		{F96693A7-F9EA-4394-B013-E279A78DDA85}.Release|x86.Build.0 = Release|Any CPU
		{677BA208-82D6-49FE-AEE0-A2BA961F3EED}.Debug|Any CPU.ActiveCfg = Debug|Any CPU
		{677BA208-82D6-49FE-AEE0-A2BA961F3EED}.Debug|Any CPU.Build.0 = Debug|Any CPU
		{677BA208-82D6-49FE-AEE0-A2BA961F3EED}.Debug|x64.ActiveCfg = Debug|Any CPU
		{677BA208-82D6-49FE-AEE0-A2BA961F3EED}.Debug|x64.Build.0 = Debug|Any CPU
		{677BA208-82D6-49FE-AEE0-A2BA961F3EED}.Debug|x86.ActiveCfg = Debug|Any CPU
		{677BA208-82D6-49FE-AEE0-A2BA961F3EED}.Debug|x86.Build.0 = Debug|Any CPU
		{677BA208-82D6-49FE-AEE0-A2BA961F3EED}.Release|Any CPU.ActiveCfg = Release|Any CPU
		{677BA208-82D6-49FE-AEE0-A2BA961F3EED}.Release|Any CPU.Build.0 = Release|Any CPU
		{677BA208-82D6-49FE-AEE0-A2BA961F3EED}.Release|x64.ActiveCfg = Release|Any CPU
		{677BA208-82D6-49FE-AEE0-A2BA961F3EED}.Release|x64.Build.0 = Release|Any CPU
		{677BA208-82D6-49FE-AEE0-A2BA961F3EED}.Release|x86.ActiveCfg = Release|Any CPU
		{677BA208-82D6-49FE-AEE0-A2BA961F3EED}.Release|x86.Build.0 = Release|Any CPU
		{60729419-68B5-49FB-94F1-F6C8043EF0CE}.Debug|Any CPU.ActiveCfg = Debug|Any CPU
		{60729419-68B5-49FB-94F1-F6C8043EF0CE}.Debug|Any CPU.Build.0 = Debug|Any CPU
		{60729419-68B5-49FB-94F1-F6C8043EF0CE}.Debug|x64.ActiveCfg = Debug|Any CPU
		{60729419-68B5-49FB-94F1-F6C8043EF0CE}.Debug|x64.Build.0 = Debug|Any CPU
		{60729419-68B5-49FB-94F1-F6C8043EF0CE}.Debug|x86.ActiveCfg = Debug|Any CPU
		{60729419-68B5-49FB-94F1-F6C8043EF0CE}.Debug|x86.Build.0 = Debug|Any CPU
		{60729419-68B5-49FB-94F1-F6C8043EF0CE}.Release|Any CPU.ActiveCfg = Release|Any CPU
		{60729419-68B5-49FB-94F1-F6C8043EF0CE}.Release|Any CPU.Build.0 = Release|Any CPU
		{60729419-68B5-49FB-94F1-F6C8043EF0CE}.Release|x64.ActiveCfg = Release|Any CPU
		{60729419-68B5-49FB-94F1-F6C8043EF0CE}.Release|x64.Build.0 = Release|Any CPU
		{60729419-68B5-49FB-94F1-F6C8043EF0CE}.Release|x86.ActiveCfg = Release|Any CPU
		{60729419-68B5-49FB-94F1-F6C8043EF0CE}.Release|x86.Build.0 = Release|Any CPU
		{3734A8A9-E2FD-4755-8E26-8AAE5B0AC9DC}.Debug|Any CPU.ActiveCfg = Debug|Any CPU
		{3734A8A9-E2FD-4755-8E26-8AAE5B0AC9DC}.Debug|Any CPU.Build.0 = Debug|Any CPU
		{3734A8A9-E2FD-4755-8E26-8AAE5B0AC9DC}.Debug|x64.ActiveCfg = Debug|Any CPU
		{3734A8A9-E2FD-4755-8E26-8AAE5B0AC9DC}.Debug|x64.Build.0 = Debug|Any CPU
		{3734A8A9-E2FD-4755-8E26-8AAE5B0AC9DC}.Debug|x86.ActiveCfg = Debug|Any CPU
		{3734A8A9-E2FD-4755-8E26-8AAE5B0AC9DC}.Debug|x86.Build.0 = Debug|Any CPU
		{3734A8A9-E2FD-4755-8E26-8AAE5B0AC9DC}.Release|Any CPU.ActiveCfg = Release|Any CPU
		{3734A8A9-E2FD-4755-8E26-8AAE5B0AC9DC}.Release|Any CPU.Build.0 = Release|Any CPU
		{3734A8A9-E2FD-4755-8E26-8AAE5B0AC9DC}.Release|x64.ActiveCfg = Release|Any CPU
		{3734A8A9-E2FD-4755-8E26-8AAE5B0AC9DC}.Release|x64.Build.0 = Release|Any CPU
		{3734A8A9-E2FD-4755-8E26-8AAE5B0AC9DC}.Release|x86.ActiveCfg = Release|Any CPU
		{3734A8A9-E2FD-4755-8E26-8AAE5B0AC9DC}.Release|x86.Build.0 = Release|Any CPU
		{7F656385-60A0-4CD3-A5EB-4F71C55526C5}.Debug|Any CPU.ActiveCfg = Debug|Any CPU
		{7F656385-60A0-4CD3-A5EB-4F71C55526C5}.Debug|Any CPU.Build.0 = Debug|Any CPU
		{7F656385-60A0-4CD3-A5EB-4F71C55526C5}.Debug|x64.ActiveCfg = Debug|Any CPU
		{7F656385-60A0-4CD3-A5EB-4F71C55526C5}.Debug|x64.Build.0 = Debug|Any CPU
		{7F656385-60A0-4CD3-A5EB-4F71C55526C5}.Debug|x86.ActiveCfg = Debug|Any CPU
		{7F656385-60A0-4CD3-A5EB-4F71C55526C5}.Debug|x86.Build.0 = Debug|Any CPU
		{7F656385-60A0-4CD3-A5EB-4F71C55526C5}.Release|Any CPU.ActiveCfg = Release|Any CPU
		{7F656385-60A0-4CD3-A5EB-4F71C55526C5}.Release|Any CPU.Build.0 = Release|Any CPU
		{7F656385-60A0-4CD3-A5EB-4F71C55526C5}.Release|x64.ActiveCfg = Release|Any CPU
		{7F656385-60A0-4CD3-A5EB-4F71C55526C5}.Release|x64.Build.0 = Release|Any CPU
		{7F656385-60A0-4CD3-A5EB-4F71C55526C5}.Release|x86.ActiveCfg = Release|Any CPU
		{7F656385-60A0-4CD3-A5EB-4F71C55526C5}.Release|x86.Build.0 = Release|Any CPU
		{8FA1BF6B-ABFB-4B04-9E5C-EE3BDFDD584D}.Debug|Any CPU.ActiveCfg = Debug|Any CPU
		{8FA1BF6B-ABFB-4B04-9E5C-EE3BDFDD584D}.Debug|Any CPU.Build.0 = Debug|Any CPU
		{8FA1BF6B-ABFB-4B04-9E5C-EE3BDFDD584D}.Debug|x64.ActiveCfg = Debug|Any CPU
		{8FA1BF6B-ABFB-4B04-9E5C-EE3BDFDD584D}.Debug|x64.Build.0 = Debug|Any CPU
		{8FA1BF6B-ABFB-4B04-9E5C-EE3BDFDD584D}.Debug|x86.ActiveCfg = Debug|Any CPU
		{8FA1BF6B-ABFB-4B04-9E5C-EE3BDFDD584D}.Debug|x86.Build.0 = Debug|Any CPU
		{8FA1BF6B-ABFB-4B04-9E5C-EE3BDFDD584D}.Release|Any CPU.ActiveCfg = Release|Any CPU
		{8FA1BF6B-ABFB-4B04-9E5C-EE3BDFDD584D}.Release|Any CPU.Build.0 = Release|Any CPU
		{8FA1BF6B-ABFB-4B04-9E5C-EE3BDFDD584D}.Release|x64.ActiveCfg = Release|Any CPU
		{8FA1BF6B-ABFB-4B04-9E5C-EE3BDFDD584D}.Release|x64.Build.0 = Release|Any CPU
		{8FA1BF6B-ABFB-4B04-9E5C-EE3BDFDD584D}.Release|x86.ActiveCfg = Release|Any CPU
		{8FA1BF6B-ABFB-4B04-9E5C-EE3BDFDD584D}.Release|x86.Build.0 = Release|Any CPU
		{D6CE8FB8-7101-4C34-90D8-782296BB2686}.Debug|Any CPU.ActiveCfg = Debug|Any CPU
		{D6CE8FB8-7101-4C34-90D8-782296BB2686}.Debug|Any CPU.Build.0 = Debug|Any CPU
		{D6CE8FB8-7101-4C34-90D8-782296BB2686}.Debug|x64.ActiveCfg = Debug|Any CPU
		{D6CE8FB8-7101-4C34-90D8-782296BB2686}.Debug|x64.Build.0 = Debug|Any CPU
		{D6CE8FB8-7101-4C34-90D8-782296BB2686}.Debug|x86.ActiveCfg = Debug|Any CPU
		{D6CE8FB8-7101-4C34-90D8-782296BB2686}.Debug|x86.Build.0 = Debug|Any CPU
		{D6CE8FB8-7101-4C34-90D8-782296BB2686}.Release|Any CPU.ActiveCfg = Release|Any CPU
		{D6CE8FB8-7101-4C34-90D8-782296BB2686}.Release|Any CPU.Build.0 = Release|Any CPU
		{D6CE8FB8-7101-4C34-90D8-782296BB2686}.Release|x64.ActiveCfg = Release|Any CPU
		{D6CE8FB8-7101-4C34-90D8-782296BB2686}.Release|x64.Build.0 = Release|Any CPU
		{D6CE8FB8-7101-4C34-90D8-782296BB2686}.Release|x86.ActiveCfg = Release|Any CPU
		{D6CE8FB8-7101-4C34-90D8-782296BB2686}.Release|x86.Build.0 = Release|Any CPU
		{0638CAD4-6068-4F1F-B390-B416FB1A82E7}.Debug|Any CPU.ActiveCfg = Debug|Any CPU
		{0638CAD4-6068-4F1F-B390-B416FB1A82E7}.Debug|Any CPU.Build.0 = Debug|Any CPU
		{0638CAD4-6068-4F1F-B390-B416FB1A82E7}.Debug|x64.ActiveCfg = Debug|Any CPU
		{0638CAD4-6068-4F1F-B390-B416FB1A82E7}.Debug|x64.Build.0 = Debug|Any CPU
		{0638CAD4-6068-4F1F-B390-B416FB1A82E7}.Debug|x86.ActiveCfg = Debug|Any CPU
		{0638CAD4-6068-4F1F-B390-B416FB1A82E7}.Debug|x86.Build.0 = Debug|Any CPU
		{0638CAD4-6068-4F1F-B390-B416FB1A82E7}.Release|Any CPU.ActiveCfg = Release|Any CPU
		{0638CAD4-6068-4F1F-B390-B416FB1A82E7}.Release|Any CPU.Build.0 = Release|Any CPU
		{0638CAD4-6068-4F1F-B390-B416FB1A82E7}.Release|x64.ActiveCfg = Release|Any CPU
		{0638CAD4-6068-4F1F-B390-B416FB1A82E7}.Release|x64.Build.0 = Release|Any CPU
		{0638CAD4-6068-4F1F-B390-B416FB1A82E7}.Release|x86.ActiveCfg = Release|Any CPU
		{0638CAD4-6068-4F1F-B390-B416FB1A82E7}.Release|x86.Build.0 = Release|Any CPU
		{D088502F-A05E-4AB9-9CFB-E4A998A0D429}.Debug|Any CPU.ActiveCfg = Debug|Any CPU
		{D088502F-A05E-4AB9-9CFB-E4A998A0D429}.Debug|Any CPU.Build.0 = Debug|Any CPU
		{D088502F-A05E-4AB9-9CFB-E4A998A0D429}.Debug|x64.ActiveCfg = Debug|Any CPU
		{D088502F-A05E-4AB9-9CFB-E4A998A0D429}.Debug|x64.Build.0 = Debug|Any CPU
		{D088502F-A05E-4AB9-9CFB-E4A998A0D429}.Debug|x86.ActiveCfg = Debug|Any CPU
		{D088502F-A05E-4AB9-9CFB-E4A998A0D429}.Debug|x86.Build.0 = Debug|Any CPU
		{D088502F-A05E-4AB9-9CFB-E4A998A0D429}.Release|Any CPU.ActiveCfg = Release|Any CPU
		{D088502F-A05E-4AB9-9CFB-E4A998A0D429}.Release|Any CPU.Build.0 = Release|Any CPU
		{D088502F-A05E-4AB9-9CFB-E4A998A0D429}.Release|x64.ActiveCfg = Release|Any CPU
		{D088502F-A05E-4AB9-9CFB-E4A998A0D429}.Release|x64.Build.0 = Release|Any CPU
		{D088502F-A05E-4AB9-9CFB-E4A998A0D429}.Release|x86.ActiveCfg = Release|Any CPU
		{D088502F-A05E-4AB9-9CFB-E4A998A0D429}.Release|x86.Build.0 = Release|Any CPU
		{445B2E21-84E3-4D42-8BA6-8A05FBC2D294}.Debug|Any CPU.ActiveCfg = Debug|Any CPU
		{445B2E21-84E3-4D42-8BA6-8A05FBC2D294}.Debug|Any CPU.Build.0 = Debug|Any CPU
		{445B2E21-84E3-4D42-8BA6-8A05FBC2D294}.Debug|x64.ActiveCfg = Debug|Any CPU
		{445B2E21-84E3-4D42-8BA6-8A05FBC2D294}.Debug|x64.Build.0 = Debug|Any CPU
		{445B2E21-84E3-4D42-8BA6-8A05FBC2D294}.Debug|x86.ActiveCfg = Debug|Any CPU
		{445B2E21-84E3-4D42-8BA6-8A05FBC2D294}.Debug|x86.Build.0 = Debug|Any CPU
		{445B2E21-84E3-4D42-8BA6-8A05FBC2D294}.Release|Any CPU.ActiveCfg = Release|Any CPU
		{445B2E21-84E3-4D42-8BA6-8A05FBC2D294}.Release|Any CPU.Build.0 = Release|Any CPU
		{445B2E21-84E3-4D42-8BA6-8A05FBC2D294}.Release|x64.ActiveCfg = Release|Any CPU
		{445B2E21-84E3-4D42-8BA6-8A05FBC2D294}.Release|x64.Build.0 = Release|Any CPU
		{445B2E21-84E3-4D42-8BA6-8A05FBC2D294}.Release|x86.ActiveCfg = Release|Any CPU
		{445B2E21-84E3-4D42-8BA6-8A05FBC2D294}.Release|x86.Build.0 = Release|Any CPU
		{DAB82FA9-97BC-4082-B5A2-1D2F0A2038D2}.Debug|Any CPU.ActiveCfg = Debug|Any CPU
		{DAB82FA9-97BC-4082-B5A2-1D2F0A2038D2}.Debug|Any CPU.Build.0 = Debug|Any CPU
		{DAB82FA9-97BC-4082-B5A2-1D2F0A2038D2}.Debug|x64.ActiveCfg = Debug|Any CPU
		{DAB82FA9-97BC-4082-B5A2-1D2F0A2038D2}.Debug|x64.Build.0 = Debug|Any CPU
		{DAB82FA9-97BC-4082-B5A2-1D2F0A2038D2}.Debug|x86.ActiveCfg = Debug|Any CPU
		{DAB82FA9-97BC-4082-B5A2-1D2F0A2038D2}.Debug|x86.Build.0 = Debug|Any CPU
		{DAB82FA9-97BC-4082-B5A2-1D2F0A2038D2}.Release|Any CPU.ActiveCfg = Release|Any CPU
		{DAB82FA9-97BC-4082-B5A2-1D2F0A2038D2}.Release|Any CPU.Build.0 = Release|Any CPU
		{DAB82FA9-97BC-4082-B5A2-1D2F0A2038D2}.Release|x64.ActiveCfg = Release|Any CPU
		{DAB82FA9-97BC-4082-B5A2-1D2F0A2038D2}.Release|x64.Build.0 = Release|Any CPU
		{DAB82FA9-97BC-4082-B5A2-1D2F0A2038D2}.Release|x86.ActiveCfg = Release|Any CPU
		{DAB82FA9-97BC-4082-B5A2-1D2F0A2038D2}.Release|x86.Build.0 = Release|Any CPU
		{2DB8D426-0198-418B-BE8C-3FAC280303E5}.Debug|Any CPU.ActiveCfg = Debug|Any CPU
		{2DB8D426-0198-418B-BE8C-3FAC280303E5}.Debug|Any CPU.Build.0 = Debug|Any CPU
		{2DB8D426-0198-418B-BE8C-3FAC280303E5}.Debug|x64.ActiveCfg = Debug|Any CPU
		{2DB8D426-0198-418B-BE8C-3FAC280303E5}.Debug|x64.Build.0 = Debug|Any CPU
		{2DB8D426-0198-418B-BE8C-3FAC280303E5}.Debug|x86.ActiveCfg = Debug|Any CPU
		{2DB8D426-0198-418B-BE8C-3FAC280303E5}.Debug|x86.Build.0 = Debug|Any CPU
		{2DB8D426-0198-418B-BE8C-3FAC280303E5}.Release|Any CPU.ActiveCfg = Release|Any CPU
		{2DB8D426-0198-418B-BE8C-3FAC280303E5}.Release|Any CPU.Build.0 = Release|Any CPU
		{2DB8D426-0198-418B-BE8C-3FAC280303E5}.Release|x64.ActiveCfg = Release|Any CPU
		{2DB8D426-0198-418B-BE8C-3FAC280303E5}.Release|x64.Build.0 = Release|Any CPU
		{2DB8D426-0198-418B-BE8C-3FAC280303E5}.Release|x86.ActiveCfg = Release|Any CPU
		{2DB8D426-0198-418B-BE8C-3FAC280303E5}.Release|x86.Build.0 = Release|Any CPU
		{ACC88590-8A69-49EE-B7E9-28058DE46861}.Debug|Any CPU.ActiveCfg = Debug|Any CPU
		{ACC88590-8A69-49EE-B7E9-28058DE46861}.Debug|Any CPU.Build.0 = Debug|Any CPU
		{ACC88590-8A69-49EE-B7E9-28058DE46861}.Debug|x64.ActiveCfg = Debug|Any CPU
		{ACC88590-8A69-49EE-B7E9-28058DE46861}.Debug|x64.Build.0 = Debug|Any CPU
		{ACC88590-8A69-49EE-B7E9-28058DE46861}.Debug|x86.ActiveCfg = Debug|Any CPU
		{ACC88590-8A69-49EE-B7E9-28058DE46861}.Debug|x86.Build.0 = Debug|Any CPU
		{ACC88590-8A69-49EE-B7E9-28058DE46861}.Release|Any CPU.ActiveCfg = Release|Any CPU
		{ACC88590-8A69-49EE-B7E9-28058DE46861}.Release|Any CPU.Build.0 = Release|Any CPU
		{ACC88590-8A69-49EE-B7E9-28058DE46861}.Release|x64.ActiveCfg = Release|Any CPU
		{ACC88590-8A69-49EE-B7E9-28058DE46861}.Release|x64.Build.0 = Release|Any CPU
		{ACC88590-8A69-49EE-B7E9-28058DE46861}.Release|x86.ActiveCfg = Release|Any CPU
		{ACC88590-8A69-49EE-B7E9-28058DE46861}.Release|x86.Build.0 = Release|Any CPU
	EndGlobalSection
	GlobalSection(SolutionProperties) = preSolution
		HideSolutionNode = FALSE
	EndGlobalSection
	GlobalSection(NestedProjects) = preSolution
		{01170882-1678-47D0-8569-797D3F5F0901} = {0BB39A05-1926-C2B2-7003-8EB281EB5439}
		{BDE83D0B-8885-496B-8A1D-4A05E8FA4E08} = {0BB39A05-1926-C2B2-7003-8EB281EB5439}
		{978C243B-6005-4963-980A-6EDE0D79F0B5} = {0BB39A05-1926-C2B2-7003-8EB281EB5439}
		{8DBA174C-2477-4AB5-9F13-49C29D34592A} = {0BB39A05-1926-C2B2-7003-8EB281EB5439}
		{6709EE88-62BD-4D0A-9414-8BDE8A50B485} = {0BB39A05-1926-C2B2-7003-8EB281EB5439}
		{A3CD22C5-FC32-4422-B93D-4AD42205A063} = {0BB39A05-1926-C2B2-7003-8EB281EB5439}
		{935B855E-607C-4999-9993-3674F056198B} = {0BB39A05-1926-C2B2-7003-8EB281EB5439}
		{C0C0B16C-7870-5ACB-47C7-AB9F9CDFF199} = {07D57EEB-2F50-60C4-C011-FE4FA775C9A8}
		{2F51C83B-73DF-28AB-801F-92A869B0B5A5} = {C0C0B16C-7870-5ACB-47C7-AB9F9CDFF199}
		{67C83136-0B3C-462B-8AB1-4E9A2C8394EF} = {2F51C83B-73DF-28AB-801F-92A869B0B5A5}
		{0D879528-0EED-7472-AC9D-6537BEE87BC4} = {C0C0B16C-7870-5ACB-47C7-AB9F9CDFF199}
		{ACE57FF3-3402-4CDB-8D61-B334AF662444} = {0D879528-0EED-7472-AC9D-6537BEE87BC4}
		{0C1A602E-8356-4C74-B241-F1982931CAA2} = {0D879528-0EED-7472-AC9D-6537BEE87BC4}
		{8A66986D-8C30-454D-BEA1-62A9D418410F} = {0D879528-0EED-7472-AC9D-6537BEE87BC4}
		{65D7F91B-080A-4F84-A383-420F762F3DBD} = {0D879528-0EED-7472-AC9D-6537BEE87BC4}
		{89275E19-35BC-3B41-609E-F1A643A19E02} = {07D57EEB-2F50-60C4-C011-FE4FA775C9A8}
		{69DF2E6F-4357-EDEE-BAC8-BB41684D347A} = {89275E19-35BC-3B41-609E-F1A643A19E02}
		{845E3FB6-26F6-4F81-A43D-4B4055EC21AE} = {69DF2E6F-4357-EDEE-BAC8-BB41684D347A}
		{6A689490-A1DC-FBF7-A3A9-1242C5250251} = {89275E19-35BC-3B41-609E-F1A643A19E02}
		{B3AF3031-ED6E-4660-AAF3-011928973052} = {6A689490-A1DC-FBF7-A3A9-1242C5250251}
		{35294C12-8AC4-4E63-27E3-80BC4945551F} = {89275E19-35BC-3B41-609E-F1A643A19E02}
		{0CDB772F-011F-40D7-BC76-D043C693D32A} = {35294C12-8AC4-4E63-27E3-80BC4945551F}
		{3C6A813B-F373-4875-B4CD-0EEA303BE89F} = {35294C12-8AC4-4E63-27E3-80BC4945551F}
		{461E08BA-7519-E736-62E4-E8BBF22FCC13} = {89275E19-35BC-3B41-609E-F1A643A19E02}
		{956E1EB3-7734-454A-A2B1-B1F0548B0350} = {461E08BA-7519-E736-62E4-E8BBF22FCC13}
		{2D096CE7-204C-D957-5538-D7CEC8C2B168} = {07D57EEB-2F50-60C4-C011-FE4FA775C9A8}
		{9E606E3C-7590-B7F0-2C31-77B8603C827C} = {2D096CE7-204C-D957-5538-D7CEC8C2B168}
		{BF6F8B66-1C18-4EE5-891E-F0A23FF048CF} = {9E606E3C-7590-B7F0-2C31-77B8603C827C}
		{DB761838-1DAD-6FA4-23DC-37D39FBBC478} = {2D096CE7-204C-D957-5538-D7CEC8C2B168}
		{ECE33BDE-2840-4ACA-9268-4E24C54CFCD3} = {DB761838-1DAD-6FA4-23DC-37D39FBBC478}
		{3CAD8700-9379-0A37-8B1B-F48BB7114FD5} = {2D096CE7-204C-D957-5538-D7CEC8C2B168}
		{64E3017C-36BF-458A-886F-E16E6C537278} = {3CAD8700-9379-0A37-8B1B-F48BB7114FD5}
		{5F856F5F-CF3C-40A4-9F87-7AF25224BD9D} = {3CAD8700-9379-0A37-8B1B-F48BB7114FD5}
		{6E1B9057-8FCD-42D1-AE38-A27A08DFF336} = {3CAD8700-9379-0A37-8B1B-F48BB7114FD5}
		{96D8D35C-E7DA-0DDC-2FF5-8212AE837320} = {2D096CE7-204C-D957-5538-D7CEC8C2B168}
		{DB1BE38A-8C31-497F-A363-BA864D0A3DA0} = {96D8D35C-E7DA-0DDC-2FF5-8212AE837320}
		{C989307A-ADF3-42E6-7967-7F50EFFFA483} = {07D57EEB-2F50-60C4-C011-FE4FA775C9A8}
		{5636D65E-55EA-4AA3-5FA3-6440F2BBAF74} = {C989307A-ADF3-42E6-7967-7F50EFFFA483}
		{D51AE71B-A866-42A3-88A2-8E6E5C2EFB3D} = {5636D65E-55EA-4AA3-5FA3-6440F2BBAF74}
		{07D9CFBB-A50C-F314-E649-35633523660C} = {C989307A-ADF3-42E6-7967-7F50EFFFA483}
		{F96693A7-F9EA-4394-B013-E279A78DDA85} = {07D9CFBB-A50C-F314-E649-35633523660C}
		{677BA208-82D6-49FE-AEE0-A2BA961F3EED} = {07D9CFBB-A50C-F314-E649-35633523660C}
		{60729419-68B5-49FB-94F1-F6C8043EF0CE} = {07D9CFBB-A50C-F314-E649-35633523660C}
		{3734A8A9-E2FD-4755-8E26-8AAE5B0AC9DC} = {07D9CFBB-A50C-F314-E649-35633523660C}
		{7F656385-60A0-4CD3-A5EB-4F71C55526C5} = {07D9CFBB-A50C-F314-E649-35633523660C}
		{7267C3B6-2C03-DF35-62EB-753279D4FD95} = {07D57EEB-2F50-60C4-C011-FE4FA775C9A8}
		{86846424-3A9B-BDD8-F177-9DE3BF001D49} = {7267C3B6-2C03-DF35-62EB-753279D4FD95}
		{8FA1BF6B-ABFB-4B04-9E5C-EE3BDFDD584D} = {86846424-3A9B-BDD8-F177-9DE3BF001D49}
		{D6CE8FB8-7101-4C34-90D8-782296BB2686} = {86846424-3A9B-BDD8-F177-9DE3BF001D49}
		{98AC7D6A-2272-9409-F2AF-B622DB995F46} = {7267C3B6-2C03-DF35-62EB-753279D4FD95}
		{0638CAD4-6068-4F1F-B390-B416FB1A82E7} = {98AC7D6A-2272-9409-F2AF-B622DB995F46}
		{A9D916FE-6BBA-FC79-DFA5-CFE31B2208E1} = {07D57EEB-2F50-60C4-C011-FE4FA775C9A8}
		{EC251B8E-D3F1-3689-74CE-2178CB5894C1} = {A9D916FE-6BBA-FC79-DFA5-CFE31B2208E1}
		{D088502F-A05E-4AB9-9CFB-E4A998A0D429} = {EC251B8E-D3F1-3689-74CE-2178CB5894C1}
		{977DDDD6-0A40-B175-52EB-6179ACFF1E65} = {A9D916FE-6BBA-FC79-DFA5-CFE31B2208E1}
		{445B2E21-84E3-4D42-8BA6-8A05FBC2D294} = {977DDDD6-0A40-B175-52EB-6179ACFF1E65}
		{C149FF0D-1A0D-CE58-95F6-A252BDE3A26B} = {A9D916FE-6BBA-FC79-DFA5-CFE31B2208E1}
		{DAB82FA9-97BC-4082-B5A2-1D2F0A2038D2} = {C149FF0D-1A0D-CE58-95F6-A252BDE3A26B}
		{F67F44BF-AEA5-CA2C-317B-E2F851FEC540} = {A9D916FE-6BBA-FC79-DFA5-CFE31B2208E1}
		{2DB8D426-0198-418B-BE8C-3FAC280303E5} = {F67F44BF-AEA5-CA2C-317B-E2F851FEC540}
		{0E9ACA87-86BD-DFE2-072D-7C86B781E3E9} = {A9D916FE-6BBA-FC79-DFA5-CFE31B2208E1}
		{ACC88590-8A69-49EE-B7E9-28058DE46861} = {0E9ACA87-86BD-DFE2-072D-7C86B781E3E9}
	EndGlobalSection
EndGlobal
