
Microsoft Visual Studio Solution File, Format Version 12.00
# Visual Studio Version 17
VisualStudioVersion = 17.0.31903.59
MinimumVisualStudioVersion = 10.0.40219.1
Project("{2150E333-8FDC-42A3-9474-1A3956D46DE8}") = "Script", "Script", "{0BB39A05-1926-C2B2-7003-8EB281EB5439}"
EndProject
Project("{FAE04EC0-301F-11D3-BF4B-00C04F79EFBC}") = "UnrealPokemon.Glue", "UnrealPokemon.Glue\UnrealPokemon.Glue.csproj", "{781D34EB-13E9-4767-B7D3-9D10B5003134}"
EndProject
Project("{FAE04EC0-301F-11D3-BF4B-00C04F79EFBC}") = "Pokemon.Data", "PokemonStarterKit\Pokemon.Data\Pokemon.Data.csproj", "{14B383E2-FE42-4AC1-9265-E1F7C3210BB2}"
EndProject
Project("{2150E333-8FDC-42A3-9474-1A3956D46DE8}") = "Plugins", "Plugins", "{07D57EEB-2F50-60C4-C011-FE4FA775C9A8}"
EndProject
Project("{2150E333-8FDC-42A3-9474-1A3956D46DE8}") = "AudioPlaybackManager", "AudioPlaybackManager", "{68A8C3EF-A67B-0EA3-1A38-EE351F60CA1E}"
EndProject
Project("{FAE04EC0-301F-11D3-BF4B-00C04F79EFBC}") = "AudioPlaybackManager.Glue", "..\Plugins\AudioPlaybackManager\Script\AudioPlaybackManager.Glue\AudioPlaybackManager.Glue.csproj", "{7642E103-4817-4392-AEF7-64D7B2D033CA}"
EndProject
Project("{2150E333-8FDC-42A3-9474-1A3956D46DE8}") = "AutomationTestHelpers", "AutomationTestHelpers", "{3933E155-6B39-D2FA-722E-261BC28DC0D5}"
EndProject
Project("{FAE04EC0-301F-11D3-BF4B-00C04F79EFBC}") = "AutomationTestHelpers.Glue", "..\Plugins\AutomationTestHelpers\Script\AutomationTestHelpers.Glue\AutomationTestHelpers.Glue.csproj", "{212DE60A-847C-4C9C-BB30-E9CDD71C01A9}"
EndProject
Project("{2150E333-8FDC-42A3-9474-1A3956D46DE8}") = "DayNightCycle", "DayNightCycle", "{1D2D4118-4212-0201-B140-8C57D9B1B249}"
EndProject
Project("{FAE04EC0-301F-11D3-BF4B-00C04F79EFBC}") = "DayNightCycle.Glue", "..\Plugins\DayNightCycle\Script\DayNightCycle.Glue\DayNightCycle.Glue.csproj", "{77FF6F7D-15E3-45BC-A706-992AEDEA6AC0}"
EndProject
Project("{2150E333-8FDC-42A3-9474-1A3956D46DE8}") = "DynamicAssetLoader", "DynamicAssetLoader", "{64AD333C-636A-ECED-59BE-1097C44B76CE}"
EndProject
Project("{FAE04EC0-301F-11D3-BF4B-00C04F79EFBC}") = "DynamicAssetLoader.Glue", "..\Plugins\DynamicAssetLoader\Script\DynamicAssetLoader.Glue\DynamicAssetLoader.Glue.csproj", "{D7BABE64-70CA-4087-942A-E273B95FA544}"
EndProject
Project("{2150E333-8FDC-42A3-9474-1A3956D46DE8}") = "EnhancedSaveGame", "EnhancedSaveGame", "{AD2EF077-FE09-F968-D8A6-D1BEE05D08B8}"
EndProject
Project("{FAE04EC0-301F-11D3-BF4B-00C04F79EFBC}") = "EnhancedSaveGame.Glue", "..\Plugins\EnhancedSaveGame\Script\EnhancedSaveGame.Glue\EnhancedSaveGame.Glue.csproj", "{613A1409-2C46-4218-8757-761F59759E28}"
EndProject
Project("{2150E333-8FDC-42A3-9474-1A3956D46DE8}") = "GridBased2D", "GridBased2D", "{D63C2D4A-D287-31B9-3371-8E74123F6826}"
EndProject
Project("{FAE04EC0-301F-11D3-BF4B-00C04F79EFBC}") = "GridBased2D.Glue", "..\Plugins\GridBased2D\Script\GridBased2D.Glue\GridBased2D.Glue.csproj", "{C9B9360B-B280-4512-B181-B38F1B207D1A}"
EndProject
Project("{2150E333-8FDC-42A3-9474-1A3956D46DE8}") = "RetroLib", "RetroLib", "{76ACD4A9-3B11-0D2B-3EDB-38D0EAD5623E}"
EndProject
Project("{FAE04EC0-301F-11D3-BF4B-00C04F79EFBC}") = "RetroLib.Glue", "..\Plugins\RetroLib\Script\RetroLib.Glue\RetroLib.Glue.csproj", "{9B36F75A-1D60-4FD0-A5D0-C30181B3ECE8}"
EndProject
Project("{2150E333-8FDC-42A3-9474-1A3956D46DE8}") = "RPGMenus", "RPGMenus", "{F8428CE4-570A-A0A5-E181-79357FCC7AA4}"
EndProject
Project("{FAE04EC0-301F-11D3-BF4B-00C04F79EFBC}") = "RPGMenus.Glue", "..\Plugins\RPGMenus\Script\RPGMenus.Glue\RPGMenus.Glue.csproj", "{285CAF5C-E1DD-457A-9767-0334F9D00A09}"
EndProject
Project("{2150E333-8FDC-42A3-9474-1A3956D46DE8}") = "Simple2D", "Simple2D", "{376C9B8C-C114-50A0-D9B7-F042AAAECC68}"
EndProject
Project("{FAE04EC0-301F-11D3-BF4B-00C04F79EFBC}") = "Simple2D.Glue", "..\Plugins\Simple2D\Script\Simple2D.Glue\Simple2D.Glue.csproj", "{9ED38918-C93B-4DEF-ABA2-5DD4E5E31C5D}"
EndProject
Project("{2150E333-8FDC-42A3-9474-1A3956D46DE8}") = "TerrainTags", "TerrainTags", "{3A4A4E3D-F778-33E8-4146-8DAF62911BC4}"
EndProject
Project("{FAE04EC0-301F-11D3-BF4B-00C04F79EFBC}") = "MapMetadata.Glue", "..\Plugins\TerrainTags\Script\MapMetadata.Glue\MapMetadata.Glue.csproj", "{30CAEE06-10A9-472D-A447-CE214873BA81}"
EndProject
Project("{2150E333-8FDC-42A3-9474-1A3956D46DE8}") = "TileReplacer", "TileReplacer", "{B4BCCFA4-8F61-ECFF-2ADE-AD163FE3C83E}"
EndProject
Project("{FAE04EC0-301F-11D3-BF4B-00C04F79EFBC}") = "TileReplacer.Glue", "..\Plugins\TileReplacer\Script\TileReplacer.Glue\TileReplacer.Glue.csproj", "{6B13B099-586F-4A4C-8AC9-DCCBB359F444}"
EndProject
Project("{2150E333-8FDC-42A3-9474-1A3956D46DE8}") = "UnrealInjector", "UnrealInjector", "{9013F7C9-255B-2F6D-A5E1-991C2F05AED6}"
EndProject
Project("{FAE04EC0-301F-11D3-BF4B-00C04F79EFBC}") = "UnrealInjector.Glue", "..\Plugins\UnrealInjector\Script\UnrealInjector.Glue\UnrealInjector.Glue.csproj", "{C0343E0A-C0E2-415C-907A-56D31044E348}"
EndProject
Project("{2150E333-8FDC-42A3-9474-1A3956D46DE8}") = "Data", "Data", "{C0C0B16C-7870-5ACB-47C7-AB9F9CDFF199}"
EndProject
Project("{2150E333-8FDC-42A3-9474-1A3956D46DE8}") = "GameDataAccessTools", "GameDataAccessTools", "{0D879528-0EED-7472-AC9D-6537BEE87BC4}"
EndProject
Project("{FAE04EC0-301F-11D3-BF4B-00C04F79EFBC}") = "GameDataAccessTools.Core", "..\Plugins\Data\GameDataAccessTools\Script\GameDataAccessTools.Core\GameDataAccessTools.Core.csproj", "{5B8316B3-C038-471B-A41B-584E104254C4}"
EndProject
Project("{FAE04EC0-301F-11D3-BF4B-00C04F79EFBC}") = "GameDataAccessTools.Editor", "..\Plugins\Data\GameDataAccessTools\Script\GameDataAccessTools.Editor\GameDataAccessTools.Editor.csproj", "{49D36946-CF30-4A1F-9B8B-CE95077BD94D}"
EndProject
Project("{FAE04EC0-301F-11D3-BF4B-00C04F79EFBC}") = "GameDataAccessTools.Glue", "..\Plugins\Data\GameDataAccessTools\Script\GameDataAccessTools.Glue\GameDataAccessTools.Glue.csproj", "{C60EA69A-CC7C-4361-8429-A55778E42EFD}"
EndProject
Project("{FAE04EC0-301F-11D3-BF4B-00C04F79EFBC}") = "GameDataAccessTools.SourceGenerator", "..\Plugins\Data\GameDataAccessTools\Script\GameDataAccessTools.SourceGenerator\GameDataAccessTools.SourceGenerator.csproj", "{E445901A-1AD7-47E3-A1B7-A65D6FB909B7}"
EndProject
Project("{2150E333-8FDC-42A3-9474-1A3956D46DE8}") = "External", "External", "{A4A1C7CF-DF3E-E928-5A38-9741DCFA57D6}"
EndProject
Project("{2150E333-8FDC-42A3-9474-1A3956D46DE8}") = "GridMapEditor", "GridMapEditor", "{4CA05B6A-3598-42CD-9464-F4A51C340754}"
EndProject
Project("{FAE04EC0-301F-11D3-BF4B-00C04F79EFBC}") = "GridMapEditor.Glue", "..\Plugins\External\GridMapEditor\Script\GridMapEditor.Glue\GridMapEditor.Glue.csproj", "{5653813B-35A3-4AF0-87B7-BBDBDEAF607F}"
EndProject
Project("{2150E333-8FDC-42A3-9474-1A3956D46DE8}") = "UE5Coro", "UE5Coro", "{BF43D4B0-C074-B8A0-4269-CA617FD88253}"
EndProject
Project("{FAE04EC0-301F-11D3-BF4B-00C04F79EFBC}") = "UE5Coro.Glue", "..\Plugins\External\UE5Coro\Script\UE5Coro.Glue\UE5Coro.Glue.csproj", "{587A57AB-834D-4B73-8652-DC0A25112B2E}"
EndProject
Project("{2150E333-8FDC-42A3-9474-1A3956D46DE8}") = "Utilities", "Utilities", "{A9D916FE-6BBA-FC79-DFA5-CFE31B2208E1}"
EndProject
Project("{2150E333-8FDC-42A3-9474-1A3956D46DE8}") = "CommonUtilities", "CommonUtilities", "{EC251B8E-D3F1-3689-74CE-2178CB5894C1}"
EndProject
Project("{FAE04EC0-301F-11D3-BF4B-00C04F79EFBC}") = "CommonUtilities.Glue", "..\Plugins\Utilities\CommonUtilities\Script\CommonUtilities.Glue\CommonUtilities.Glue.csproj", "{C118C576-D9D5-4D2A-87CF-550D7B554855}"
EndProject
Project("{2150E333-8FDC-42A3-9474-1A3956D46DE8}") = "PokemonStarterKit", "PokemonStarterKit", "{A432804D-0614-48E7-87CD-0896C11FD3D1}"
EndProject
Global
	GlobalSection(SolutionConfigurationPlatforms) = preSolution
		Debug|Any CPU = Debug|Any CPU
		Debug|x64 = Debug|x64
		Debug|x86 = Debug|x86
		Release|Any CPU = Release|Any CPU
		Release|x64 = Release|x64
		Release|x86 = Release|x86
	EndGlobalSection
	GlobalSection(ProjectConfigurationPlatforms) = postSolution
		{781D34EB-13E9-4767-B7D3-9D10B5003134}.Debug|Any CPU.ActiveCfg = Debug|Any CPU
		{781D34EB-13E9-4767-B7D3-9D10B5003134}.Debug|Any CPU.Build.0 = Debug|Any CPU
		{781D34EB-13E9-4767-B7D3-9D10B5003134}.Debug|x64.ActiveCfg = Debug|Any CPU
		{781D34EB-13E9-4767-B7D3-9D10B5003134}.Debug|x64.Build.0 = Debug|Any CPU
		{781D34EB-13E9-4767-B7D3-9D10B5003134}.Debug|x86.ActiveCfg = Debug|Any CPU
		{781D34EB-13E9-4767-B7D3-9D10B5003134}.Debug|x86.Build.0 = Debug|Any CPU
		{781D34EB-13E9-4767-B7D3-9D10B5003134}.Release|Any CPU.ActiveCfg = Release|Any CPU
		{781D34EB-13E9-4767-B7D3-9D10B5003134}.Release|Any CPU.Build.0 = Release|Any CPU
		{781D34EB-13E9-4767-B7D3-9D10B5003134}.Release|x64.ActiveCfg = Release|Any CPU
		{781D34EB-13E9-4767-B7D3-9D10B5003134}.Release|x64.Build.0 = Release|Any CPU
		{781D34EB-13E9-4767-B7D3-9D10B5003134}.Release|x86.ActiveCfg = Release|Any CPU
		{781D34EB-13E9-4767-B7D3-9D10B5003134}.Release|x86.Build.0 = Release|Any CPU
		{14B383E2-FE42-4AC1-9265-E1F7C3210BB2}.Debug|Any CPU.ActiveCfg = Debug|Any CPU
		{14B383E2-FE42-4AC1-9265-E1F7C3210BB2}.Debug|Any CPU.Build.0 = Debug|Any CPU
		{14B383E2-FE42-4AC1-9265-E1F7C3210BB2}.Debug|x64.ActiveCfg = Debug|Any CPU
		{14B383E2-FE42-4AC1-9265-E1F7C3210BB2}.Debug|x64.Build.0 = Debug|Any CPU
		{14B383E2-FE42-4AC1-9265-E1F7C3210BB2}.Debug|x86.ActiveCfg = Debug|Any CPU
		{14B383E2-FE42-4AC1-9265-E1F7C3210BB2}.Debug|x86.Build.0 = Debug|Any CPU
		{14B383E2-FE42-4AC1-9265-E1F7C3210BB2}.Release|Any CPU.ActiveCfg = Release|Any CPU
		{14B383E2-FE42-4AC1-9265-E1F7C3210BB2}.Release|Any CPU.Build.0 = Release|Any CPU
		{14B383E2-FE42-4AC1-9265-E1F7C3210BB2}.Release|x64.ActiveCfg = Release|Any CPU
		{14B383E2-FE42-4AC1-9265-E1F7C3210BB2}.Release|x64.Build.0 = Release|Any CPU
		{14B383E2-FE42-4AC1-9265-E1F7C3210BB2}.Release|x86.ActiveCfg = Release|Any CPU
		{14B383E2-FE42-4AC1-9265-E1F7C3210BB2}.Release|x86.Build.0 = Release|Any CPU
		{7642E103-4817-4392-AEF7-64D7B2D033CA}.Debug|Any CPU.ActiveCfg = Debug|Any CPU
		{7642E103-4817-4392-AEF7-64D7B2D033CA}.Debug|Any CPU.Build.0 = Debug|Any CPU
		{7642E103-4817-4392-AEF7-64D7B2D033CA}.Debug|x64.ActiveCfg = Debug|Any CPU
		{7642E103-4817-4392-AEF7-64D7B2D033CA}.Debug|x64.Build.0 = Debug|Any CPU
		{7642E103-4817-4392-AEF7-64D7B2D033CA}.Debug|x86.ActiveCfg = Debug|Any CPU
		{7642E103-4817-4392-AEF7-64D7B2D033CA}.Debug|x86.Build.0 = Debug|Any CPU
		{7642E103-4817-4392-AEF7-64D7B2D033CA}.Release|Any CPU.ActiveCfg = Release|Any CPU
		{7642E103-4817-4392-AEF7-64D7B2D033CA}.Release|Any CPU.Build.0 = Release|Any CPU
		{7642E103-4817-4392-AEF7-64D7B2D033CA}.Release|x64.ActiveCfg = Release|Any CPU
		{7642E103-4817-4392-AEF7-64D7B2D033CA}.Release|x64.Build.0 = Release|Any CPU
		{7642E103-4817-4392-AEF7-64D7B2D033CA}.Release|x86.ActiveCfg = Release|Any CPU
		{7642E103-4817-4392-AEF7-64D7B2D033CA}.Release|x86.Build.0 = Release|Any CPU
		{212DE60A-847C-4C9C-BB30-E9CDD71C01A9}.Debug|Any CPU.ActiveCfg = Debug|Any CPU
		{212DE60A-847C-4C9C-BB30-E9CDD71C01A9}.Debug|Any CPU.Build.0 = Debug|Any CPU
		{212DE60A-847C-4C9C-BB30-E9CDD71C01A9}.Debug|x64.ActiveCfg = Debug|Any CPU
		{212DE60A-847C-4C9C-BB30-E9CDD71C01A9}.Debug|x64.Build.0 = Debug|Any CPU
		{212DE60A-847C-4C9C-BB30-E9CDD71C01A9}.Debug|x86.ActiveCfg = Debug|Any CPU
		{212DE60A-847C-4C9C-BB30-E9CDD71C01A9}.Debug|x86.Build.0 = Debug|Any CPU
		{212DE60A-847C-4C9C-BB30-E9CDD71C01A9}.Release|Any CPU.ActiveCfg = Release|Any CPU
		{212DE60A-847C-4C9C-BB30-E9CDD71C01A9}.Release|Any CPU.Build.0 = Release|Any CPU
		{212DE60A-847C-4C9C-BB30-E9CDD71C01A9}.Release|x64.ActiveCfg = Release|Any CPU
		{212DE60A-847C-4C9C-BB30-E9CDD71C01A9}.Release|x64.Build.0 = Release|Any CPU
		{212DE60A-847C-4C9C-BB30-E9CDD71C01A9}.Release|x86.ActiveCfg = Release|Any CPU
		{212DE60A-847C-4C9C-BB30-E9CDD71C01A9}.Release|x86.Build.0 = Release|Any CPU
		{77FF6F7D-15E3-45BC-A706-992AEDEA6AC0}.Debug|Any CPU.ActiveCfg = Debug|Any CPU
		{77FF6F7D-15E3-45BC-A706-992AEDEA6AC0}.Debug|Any CPU.Build.0 = Debug|Any CPU
		{77FF6F7D-15E3-45BC-A706-992AEDEA6AC0}.Debug|x64.ActiveCfg = Debug|Any CPU
		{77FF6F7D-15E3-45BC-A706-992AEDEA6AC0}.Debug|x64.Build.0 = Debug|Any CPU
		{77FF6F7D-15E3-45BC-A706-992AEDEA6AC0}.Debug|x86.ActiveCfg = Debug|Any CPU
		{77FF6F7D-15E3-45BC-A706-992AEDEA6AC0}.Debug|x86.Build.0 = Debug|Any CPU
		{77FF6F7D-15E3-45BC-A706-992AEDEA6AC0}.Release|Any CPU.ActiveCfg = Release|Any CPU
		{77FF6F7D-15E3-45BC-A706-992AEDEA6AC0}.Release|Any CPU.Build.0 = Release|Any CPU
		{77FF6F7D-15E3-45BC-A706-992AEDEA6AC0}.Release|x64.ActiveCfg = Release|Any CPU
		{77FF6F7D-15E3-45BC-A706-992AEDEA6AC0}.Release|x64.Build.0 = Release|Any CPU
		{77FF6F7D-15E3-45BC-A706-992AEDEA6AC0}.Release|x86.ActiveCfg = Release|Any CPU
		{77FF6F7D-15E3-45BC-A706-992AEDEA6AC0}.Release|x86.Build.0 = Release|Any CPU
		{D7BABE64-70CA-4087-942A-E273B95FA544}.Debug|Any CPU.ActiveCfg = Debug|Any CPU
		{D7BABE64-70CA-4087-942A-E273B95FA544}.Debug|Any CPU.Build.0 = Debug|Any CPU
		{D7BABE64-70CA-4087-942A-E273B95FA544}.Debug|x64.ActiveCfg = Debug|Any CPU
		{D7BABE64-70CA-4087-942A-E273B95FA544}.Debug|x64.Build.0 = Debug|Any CPU
		{D7BABE64-70CA-4087-942A-E273B95FA544}.Debug|x86.ActiveCfg = Debug|Any CPU
		{D7BABE64-70CA-4087-942A-E273B95FA544}.Debug|x86.Build.0 = Debug|Any CPU
		{D7BABE64-70CA-4087-942A-E273B95FA544}.Release|Any CPU.ActiveCfg = Release|Any CPU
		{D7BABE64-70CA-4087-942A-E273B95FA544}.Release|Any CPU.Build.0 = Release|Any CPU
		{D7BABE64-70CA-4087-942A-E273B95FA544}.Release|x64.ActiveCfg = Release|Any CPU
		{D7BABE64-70CA-4087-942A-E273B95FA544}.Release|x64.Build.0 = Release|Any CPU
		{D7BABE64-70CA-4087-942A-E273B95FA544}.Release|x86.ActiveCfg = Release|Any CPU
		{D7BABE64-70CA-4087-942A-E273B95FA544}.Release|x86.Build.0 = Release|Any CPU
		{613A1409-2C46-4218-8757-761F59759E28}.Debug|Any CPU.ActiveCfg = Debug|Any CPU
		{613A1409-2C46-4218-8757-761F59759E28}.Debug|Any CPU.Build.0 = Debug|Any CPU
		{613A1409-2C46-4218-8757-761F59759E28}.Debug|x64.ActiveCfg = Debug|Any CPU
		{613A1409-2C46-4218-8757-761F59759E28}.Debug|x64.Build.0 = Debug|Any CPU
		{613A1409-2C46-4218-8757-761F59759E28}.Debug|x86.ActiveCfg = Debug|Any CPU
		{613A1409-2C46-4218-8757-761F59759E28}.Debug|x86.Build.0 = Debug|Any CPU
		{613A1409-2C46-4218-8757-761F59759E28}.Release|Any CPU.ActiveCfg = Release|Any CPU
		{613A1409-2C46-4218-8757-761F59759E28}.Release|Any CPU.Build.0 = Release|Any CPU
		{613A1409-2C46-4218-8757-761F59759E28}.Release|x64.ActiveCfg = Release|Any CPU
		{613A1409-2C46-4218-8757-761F59759E28}.Release|x64.Build.0 = Release|Any CPU
		{613A1409-2C46-4218-8757-761F59759E28}.Release|x86.ActiveCfg = Release|Any CPU
		{613A1409-2C46-4218-8757-761F59759E28}.Release|x86.Build.0 = Release|Any CPU
		{C9B9360B-B280-4512-B181-B38F1B207D1A}.Debug|Any CPU.ActiveCfg = Debug|Any CPU
		{C9B9360B-B280-4512-B181-B38F1B207D1A}.Debug|Any CPU.Build.0 = Debug|Any CPU
		{C9B9360B-B280-4512-B181-B38F1B207D1A}.Debug|x64.ActiveCfg = Debug|Any CPU
		{C9B9360B-B280-4512-B181-B38F1B207D1A}.Debug|x64.Build.0 = Debug|Any CPU
		{C9B9360B-B280-4512-B181-B38F1B207D1A}.Debug|x86.ActiveCfg = Debug|Any CPU
		{C9B9360B-B280-4512-B181-B38F1B207D1A}.Debug|x86.Build.0 = Debug|Any CPU
		{C9B9360B-B280-4512-B181-B38F1B207D1A}.Release|Any CPU.ActiveCfg = Release|Any CPU
		{C9B9360B-B280-4512-B181-B38F1B207D1A}.Release|Any CPU.Build.0 = Release|Any CPU
		{C9B9360B-B280-4512-B181-B38F1B207D1A}.Release|x64.ActiveCfg = Release|Any CPU
		{C9B9360B-B280-4512-B181-B38F1B207D1A}.Release|x64.Build.0 = Release|Any CPU
		{C9B9360B-B280-4512-B181-B38F1B207D1A}.Release|x86.ActiveCfg = Release|Any CPU
		{C9B9360B-B280-4512-B181-B38F1B207D1A}.Release|x86.Build.0 = Release|Any CPU
		{9B36F75A-1D60-4FD0-A5D0-C30181B3ECE8}.Debug|Any CPU.ActiveCfg = Debug|Any CPU
		{9B36F75A-1D60-4FD0-A5D0-C30181B3ECE8}.Debug|Any CPU.Build.0 = Debug|Any CPU
		{9B36F75A-1D60-4FD0-A5D0-C30181B3ECE8}.Debug|x64.ActiveCfg = Debug|Any CPU
		{9B36F75A-1D60-4FD0-A5D0-C30181B3ECE8}.Debug|x64.Build.0 = Debug|Any CPU
		{9B36F75A-1D60-4FD0-A5D0-C30181B3ECE8}.Debug|x86.ActiveCfg = Debug|Any CPU
		{9B36F75A-1D60-4FD0-A5D0-C30181B3ECE8}.Debug|x86.Build.0 = Debug|Any CPU
		{9B36F75A-1D60-4FD0-A5D0-C30181B3ECE8}.Release|Any CPU.ActiveCfg = Release|Any CPU
		{9B36F75A-1D60-4FD0-A5D0-C30181B3ECE8}.Release|Any CPU.Build.0 = Release|Any CPU
		{9B36F75A-1D60-4FD0-A5D0-C30181B3ECE8}.Release|x64.ActiveCfg = Release|Any CPU
		{9B36F75A-1D60-4FD0-A5D0-C30181B3ECE8}.Release|x64.Build.0 = Release|Any CPU
		{9B36F75A-1D60-4FD0-A5D0-C30181B3ECE8}.Release|x86.ActiveCfg = Release|Any CPU
		{9B36F75A-1D60-4FD0-A5D0-C30181B3ECE8}.Release|x86.Build.0 = Release|Any CPU
		{285CAF5C-E1DD-457A-9767-0334F9D00A09}.Debug|Any CPU.ActiveCfg = Debug|Any CPU
		{285CAF5C-E1DD-457A-9767-0334F9D00A09}.Debug|Any CPU.Build.0 = Debug|Any CPU
		{285CAF5C-E1DD-457A-9767-0334F9D00A09}.Debug|x64.ActiveCfg = Debug|Any CPU
		{285CAF5C-E1DD-457A-9767-0334F9D00A09}.Debug|x64.Build.0 = Debug|Any CPU
		{285CAF5C-E1DD-457A-9767-0334F9D00A09}.Debug|x86.ActiveCfg = Debug|Any CPU
		{285CAF5C-E1DD-457A-9767-0334F9D00A09}.Debug|x86.Build.0 = Debug|Any CPU
		{285CAF5C-E1DD-457A-9767-0334F9D00A09}.Release|Any CPU.ActiveCfg = Release|Any CPU
		{285CAF5C-E1DD-457A-9767-0334F9D00A09}.Release|Any CPU.Build.0 = Release|Any CPU
		{285CAF5C-E1DD-457A-9767-0334F9D00A09}.Release|x64.ActiveCfg = Release|Any CPU
		{285CAF5C-E1DD-457A-9767-0334F9D00A09}.Release|x64.Build.0 = Release|Any CPU
		{285CAF5C-E1DD-457A-9767-0334F9D00A09}.Release|x86.ActiveCfg = Release|Any CPU
		{285CAF5C-E1DD-457A-9767-0334F9D00A09}.Release|x86.Build.0 = Release|Any CPU
		{9ED38918-C93B-4DEF-ABA2-5DD4E5E31C5D}.Debug|Any CPU.ActiveCfg = Debug|Any CPU
		{9ED38918-C93B-4DEF-ABA2-5DD4E5E31C5D}.Debug|Any CPU.Build.0 = Debug|Any CPU
		{9ED38918-C93B-4DEF-ABA2-5DD4E5E31C5D}.Debug|x64.ActiveCfg = Debug|Any CPU
		{9ED38918-C93B-4DEF-ABA2-5DD4E5E31C5D}.Debug|x64.Build.0 = Debug|Any CPU
		{9ED38918-C93B-4DEF-ABA2-5DD4E5E31C5D}.Debug|x86.ActiveCfg = Debug|Any CPU
		{9ED38918-C93B-4DEF-ABA2-5DD4E5E31C5D}.Debug|x86.Build.0 = Debug|Any CPU
		{9ED38918-C93B-4DEF-ABA2-5DD4E5E31C5D}.Release|Any CPU.ActiveCfg = Release|Any CPU
		{9ED38918-C93B-4DEF-ABA2-5DD4E5E31C5D}.Release|Any CPU.Build.0 = Release|Any CPU
		{9ED38918-C93B-4DEF-ABA2-5DD4E5E31C5D}.Release|x64.ActiveCfg = Release|Any CPU
		{9ED38918-C93B-4DEF-ABA2-5DD4E5E31C5D}.Release|x64.Build.0 = Release|Any CPU
		{9ED38918-C93B-4DEF-ABA2-5DD4E5E31C5D}.Release|x86.ActiveCfg = Release|Any CPU
		{9ED38918-C93B-4DEF-ABA2-5DD4E5E31C5D}.Release|x86.Build.0 = Release|Any CPU
		{30CAEE06-10A9-472D-A447-CE214873BA81}.Debug|Any CPU.ActiveCfg = Debug|Any CPU
		{30CAEE06-10A9-472D-A447-CE214873BA81}.Debug|Any CPU.Build.0 = Debug|Any CPU
		{30CAEE06-10A9-472D-A447-CE214873BA81}.Debug|x64.ActiveCfg = Debug|Any CPU
		{30CAEE06-10A9-472D-A447-CE214873BA81}.Debug|x64.Build.0 = Debug|Any CPU
		{30CAEE06-10A9-472D-A447-CE214873BA81}.Debug|x86.ActiveCfg = Debug|Any CPU
		{30CAEE06-10A9-472D-A447-CE214873BA81}.Debug|x86.Build.0 = Debug|Any CPU
		{30CAEE06-10A9-472D-A447-CE214873BA81}.Release|Any CPU.ActiveCfg = Release|Any CPU
		{30CAEE06-10A9-472D-A447-CE214873BA81}.Release|Any CPU.Build.0 = Release|Any CPU
		{30CAEE06-10A9-472D-A447-CE214873BA81}.Release|x64.ActiveCfg = Release|Any CPU
		{30CAEE06-10A9-472D-A447-CE214873BA81}.Release|x64.Build.0 = Release|Any CPU
		{30CAEE06-10A9-472D-A447-CE214873BA81}.Release|x86.ActiveCfg = Release|Any CPU
		{30CAEE06-10A9-472D-A447-CE214873BA81}.Release|x86.Build.0 = Release|Any CPU
		{6B13B099-586F-4A4C-8AC9-DCCBB359F444}.Debug|Any CPU.ActiveCfg = Debug|Any CPU
		{6B13B099-586F-4A4C-8AC9-DCCBB359F444}.Debug|Any CPU.Build.0 = Debug|Any CPU
		{6B13B099-586F-4A4C-8AC9-DCCBB359F444}.Debug|x64.ActiveCfg = Debug|Any CPU
		{6B13B099-586F-4A4C-8AC9-DCCBB359F444}.Debug|x64.Build.0 = Debug|Any CPU
		{6B13B099-586F-4A4C-8AC9-DCCBB359F444}.Debug|x86.ActiveCfg = Debug|Any CPU
		{6B13B099-586F-4A4C-8AC9-DCCBB359F444}.Debug|x86.Build.0 = Debug|Any CPU
		{6B13B099-586F-4A4C-8AC9-DCCBB359F444}.Release|Any CPU.ActiveCfg = Release|Any CPU
		{6B13B099-586F-4A4C-8AC9-DCCBB359F444}.Release|Any CPU.Build.0 = Release|Any CPU
		{6B13B099-586F-4A4C-8AC9-DCCBB359F444}.Release|x64.ActiveCfg = Release|Any CPU
		{6B13B099-586F-4A4C-8AC9-DCCBB359F444}.Release|x64.Build.0 = Release|Any CPU
		{6B13B099-586F-4A4C-8AC9-DCCBB359F444}.Release|x86.ActiveCfg = Release|Any CPU
		{6B13B099-586F-4A4C-8AC9-DCCBB359F444}.Release|x86.Build.0 = Release|Any CPU
		{C0343E0A-C0E2-415C-907A-56D31044E348}.Debug|Any CPU.ActiveCfg = Debug|Any CPU
		{C0343E0A-C0E2-415C-907A-56D31044E348}.Debug|Any CPU.Build.0 = Debug|Any CPU
		{C0343E0A-C0E2-415C-907A-56D31044E348}.Debug|x64.ActiveCfg = Debug|Any CPU
		{C0343E0A-C0E2-415C-907A-56D31044E348}.Debug|x64.Build.0 = Debug|Any CPU
		{C0343E0A-C0E2-415C-907A-56D31044E348}.Debug|x86.ActiveCfg = Debug|Any CPU
		{C0343E0A-C0E2-415C-907A-56D31044E348}.Debug|x86.Build.0 = Debug|Any CPU
		{C0343E0A-C0E2-415C-907A-56D31044E348}.Release|Any CPU.ActiveCfg = Release|Any CPU
		{C0343E0A-C0E2-415C-907A-56D31044E348}.Release|Any CPU.Build.0 = Release|Any CPU
		{C0343E0A-C0E2-415C-907A-56D31044E348}.Release|x64.ActiveCfg = Release|Any CPU
		{C0343E0A-C0E2-415C-907A-56D31044E348}.Release|x64.Build.0 = Release|Any CPU
		{C0343E0A-C0E2-415C-907A-56D31044E348}.Release|x86.ActiveCfg = Release|Any CPU
		{C0343E0A-C0E2-415C-907A-56D31044E348}.Release|x86.Build.0 = Release|Any CPU
		{5B8316B3-C038-471B-A41B-584E104254C4}.Debug|Any CPU.ActiveCfg = Debug|Any CPU
		{5B8316B3-C038-471B-A41B-584E104254C4}.Debug|Any CPU.Build.0 = Debug|Any CPU
		{5B8316B3-C038-471B-A41B-584E104254C4}.Debug|x64.ActiveCfg = Debug|Any CPU
		{5B8316B3-C038-471B-A41B-584E104254C4}.Debug|x64.Build.0 = Debug|Any CPU
		{5B8316B3-C038-471B-A41B-584E104254C4}.Debug|x86.ActiveCfg = Debug|Any CPU
		{5B8316B3-C038-471B-A41B-584E104254C4}.Debug|x86.Build.0 = Debug|Any CPU
		{5B8316B3-C038-471B-A41B-584E104254C4}.Release|Any CPU.ActiveCfg = Release|Any CPU
		{5B8316B3-C038-471B-A41B-584E104254C4}.Release|Any CPU.Build.0 = Release|Any CPU
		{5B8316B3-C038-471B-A41B-584E104254C4}.Release|x64.ActiveCfg = Release|Any CPU
		{5B8316B3-C038-471B-A41B-584E104254C4}.Release|x64.Build.0 = Release|Any CPU
		{5B8316B3-C038-471B-A41B-584E104254C4}.Release|x86.ActiveCfg = Release|Any CPU
		{5B8316B3-C038-471B-A41B-584E104254C4}.Release|x86.Build.0 = Release|Any CPU
		{49D36946-CF30-4A1F-9B8B-CE95077BD94D}.Debug|Any CPU.ActiveCfg = Debug|Any CPU
		{49D36946-CF30-4A1F-9B8B-CE95077BD94D}.Debug|Any CPU.Build.0 = Debug|Any CPU
		{49D36946-CF30-4A1F-9B8B-CE95077BD94D}.Debug|x64.ActiveCfg = Debug|Any CPU
		{49D36946-CF30-4A1F-9B8B-CE95077BD94D}.Debug|x64.Build.0 = Debug|Any CPU
		{49D36946-CF30-4A1F-9B8B-CE95077BD94D}.Debug|x86.ActiveCfg = Debug|Any CPU
		{49D36946-CF30-4A1F-9B8B-CE95077BD94D}.Debug|x86.Build.0 = Debug|Any CPU
		{49D36946-CF30-4A1F-9B8B-CE95077BD94D}.Release|Any CPU.ActiveCfg = Release|Any CPU
		{49D36946-CF30-4A1F-9B8B-CE95077BD94D}.Release|Any CPU.Build.0 = Release|Any CPU
		{49D36946-CF30-4A1F-9B8B-CE95077BD94D}.Release|x64.ActiveCfg = Release|Any CPU
		{49D36946-CF30-4A1F-9B8B-CE95077BD94D}.Release|x64.Build.0 = Release|Any CPU
		{49D36946-CF30-4A1F-9B8B-CE95077BD94D}.Release|x86.ActiveCfg = Release|Any CPU
		{49D36946-CF30-4A1F-9B8B-CE95077BD94D}.Release|x86.Build.0 = Release|Any CPU
		{C60EA69A-CC7C-4361-8429-A55778E42EFD}.Debug|Any CPU.ActiveCfg = Debug|Any CPU
		{C60EA69A-CC7C-4361-8429-A55778E42EFD}.Debug|Any CPU.Build.0 = Debug|Any CPU
		{C60EA69A-CC7C-4361-8429-A55778E42EFD}.Debug|x64.ActiveCfg = Debug|Any CPU
		{C60EA69A-CC7C-4361-8429-A55778E42EFD}.Debug|x64.Build.0 = Debug|Any CPU
		{C60EA69A-CC7C-4361-8429-A55778E42EFD}.Debug|x86.ActiveCfg = Debug|Any CPU
		{C60EA69A-CC7C-4361-8429-A55778E42EFD}.Debug|x86.Build.0 = Debug|Any CPU
		{C60EA69A-CC7C-4361-8429-A55778E42EFD}.Release|Any CPU.ActiveCfg = Release|Any CPU
		{C60EA69A-CC7C-4361-8429-A55778E42EFD}.Release|Any CPU.Build.0 = Release|Any CPU
		{C60EA69A-CC7C-4361-8429-A55778E42EFD}.Release|x64.ActiveCfg = Release|Any CPU
		{C60EA69A-CC7C-4361-8429-A55778E42EFD}.Release|x64.Build.0 = Release|Any CPU
		{C60EA69A-CC7C-4361-8429-A55778E42EFD}.Release|x86.ActiveCfg = Release|Any CPU
		{C60EA69A-CC7C-4361-8429-A55778E42EFD}.Release|x86.Build.0 = Release|Any CPU
		{E445901A-1AD7-47E3-A1B7-A65D6FB909B7}.Debug|Any CPU.ActiveCfg = Debug|Any CPU
		{E445901A-1AD7-47E3-A1B7-A65D6FB909B7}.Debug|Any CPU.Build.0 = Debug|Any CPU
		{E445901A-1AD7-47E3-A1B7-A65D6FB909B7}.Debug|x64.ActiveCfg = Debug|Any CPU
		{E445901A-1AD7-47E3-A1B7-A65D6FB909B7}.Debug|x64.Build.0 = Debug|Any CPU
		{E445901A-1AD7-47E3-A1B7-A65D6FB909B7}.Debug|x86.ActiveCfg = Debug|Any CPU
		{E445901A-1AD7-47E3-A1B7-A65D6FB909B7}.Debug|x86.Build.0 = Debug|Any CPU
		{E445901A-1AD7-47E3-A1B7-A65D6FB909B7}.Release|Any CPU.ActiveCfg = Release|Any CPU
		{E445901A-1AD7-47E3-A1B7-A65D6FB909B7}.Release|Any CPU.Build.0 = Release|Any CPU
		{E445901A-1AD7-47E3-A1B7-A65D6FB909B7}.Release|x64.ActiveCfg = Release|Any CPU
		{E445901A-1AD7-47E3-A1B7-A65D6FB909B7}.Release|x64.Build.0 = Release|Any CPU
		{E445901A-1AD7-47E3-A1B7-A65D6FB909B7}.Release|x86.ActiveCfg = Release|Any CPU
		{E445901A-1AD7-47E3-A1B7-A65D6FB909B7}.Release|x86.Build.0 = Release|Any CPU
		{5653813B-35A3-4AF0-87B7-BBDBDEAF607F}.Debug|Any CPU.ActiveCfg = Debug|Any CPU
		{5653813B-35A3-4AF0-87B7-BBDBDEAF607F}.Debug|Any CPU.Build.0 = Debug|Any CPU
		{5653813B-35A3-4AF0-87B7-BBDBDEAF607F}.Debug|x64.ActiveCfg = Debug|Any CPU
		{5653813B-35A3-4AF0-87B7-BBDBDEAF607F}.Debug|x64.Build.0 = Debug|Any CPU
		{5653813B-35A3-4AF0-87B7-BBDBDEAF607F}.Debug|x86.ActiveCfg = Debug|Any CPU
		{5653813B-35A3-4AF0-87B7-BBDBDEAF607F}.Debug|x86.Build.0 = Debug|Any CPU
		{5653813B-35A3-4AF0-87B7-BBDBDEAF607F}.Release|Any CPU.ActiveCfg = Release|Any CPU
		{5653813B-35A3-4AF0-87B7-BBDBDEAF607F}.Release|Any CPU.Build.0 = Release|Any CPU
		{5653813B-35A3-4AF0-87B7-BBDBDEAF607F}.Release|x64.ActiveCfg = Release|Any CPU
		{5653813B-35A3-4AF0-87B7-BBDBDEAF607F}.Release|x64.Build.0 = Release|Any CPU
		{5653813B-35A3-4AF0-87B7-BBDBDEAF607F}.Release|x86.ActiveCfg = Release|Any CPU
		{5653813B-35A3-4AF0-87B7-BBDBDEAF607F}.Release|x86.Build.0 = Release|Any CPU
		{587A57AB-834D-4B73-8652-DC0A25112B2E}.Debug|Any CPU.ActiveCfg = Debug|Any CPU
		{587A57AB-834D-4B73-8652-DC0A25112B2E}.Debug|Any CPU.Build.0 = Debug|Any CPU
		{587A57AB-834D-4B73-8652-DC0A25112B2E}.Debug|x64.ActiveCfg = Debug|Any CPU
		{587A57AB-834D-4B73-8652-DC0A25112B2E}.Debug|x64.Build.0 = Debug|Any CPU
		{587A57AB-834D-4B73-8652-DC0A25112B2E}.Debug|x86.ActiveCfg = Debug|Any CPU
		{587A57AB-834D-4B73-8652-DC0A25112B2E}.Debug|x86.Build.0 = Debug|Any CPU
		{587A57AB-834D-4B73-8652-DC0A25112B2E}.Release|Any CPU.ActiveCfg = Release|Any CPU
		{587A57AB-834D-4B73-8652-DC0A25112B2E}.Release|Any CPU.Build.0 = Release|Any CPU
		{587A57AB-834D-4B73-8652-DC0A25112B2E}.Release|x64.ActiveCfg = Release|Any CPU
		{587A57AB-834D-4B73-8652-DC0A25112B2E}.Release|x64.Build.0 = Release|Any CPU
		{587A57AB-834D-4B73-8652-DC0A25112B2E}.Release|x86.ActiveCfg = Release|Any CPU
		{587A57AB-834D-4B73-8652-DC0A25112B2E}.Release|x86.Build.0 = Release|Any CPU
		{C118C576-D9D5-4D2A-87CF-550D7B554855}.Debug|Any CPU.ActiveCfg = Debug|Any CPU
		{C118C576-D9D5-4D2A-87CF-550D7B554855}.Debug|Any CPU.Build.0 = Debug|Any CPU
		{C118C576-D9D5-4D2A-87CF-550D7B554855}.Debug|x64.ActiveCfg = Debug|Any CPU
		{C118C576-D9D5-4D2A-87CF-550D7B554855}.Debug|x64.Build.0 = Debug|Any CPU
		{C118C576-D9D5-4D2A-87CF-550D7B554855}.Debug|x86.ActiveCfg = Debug|Any CPU
		{C118C576-D9D5-4D2A-87CF-550D7B554855}.Debug|x86.Build.0 = Debug|Any CPU
		{C118C576-D9D5-4D2A-87CF-550D7B554855}.Release|Any CPU.ActiveCfg = Release|Any CPU
		{C118C576-D9D5-4D2A-87CF-550D7B554855}.Release|Any CPU.Build.0 = Release|Any CPU
		{C118C576-D9D5-4D2A-87CF-550D7B554855}.Release|x64.ActiveCfg = Release|Any CPU
		{C118C576-D9D5-4D2A-87CF-550D7B554855}.Release|x64.Build.0 = Release|Any CPU
		{C118C576-D9D5-4D2A-87CF-550D7B554855}.Release|x86.ActiveCfg = Release|Any CPU
		{C118C576-D9D5-4D2A-87CF-550D7B554855}.Release|x86.Build.0 = Release|Any CPU
	EndGlobalSection
	GlobalSection(SolutionProperties) = preSolution
		HideSolutionNode = FALSE
	EndGlobalSection
	GlobalSection(NestedProjects) = preSolution
		{781D34EB-13E9-4767-B7D3-9D10B5003134} = {0BB39A05-1926-C2B2-7003-8EB281EB5439}
		{68A8C3EF-A67B-0EA3-1A38-EE351F60CA1E} = {07D57EEB-2F50-60C4-C011-FE4FA775C9A8}
		{7642E103-4817-4392-AEF7-64D7B2D033CA} = {68A8C3EF-A67B-0EA3-1A38-EE351F60CA1E}
		{3933E155-6B39-D2FA-722E-261BC28DC0D5} = {07D57EEB-2F50-60C4-C011-FE4FA775C9A8}
		{212DE60A-847C-4C9C-BB30-E9CDD71C01A9} = {3933E155-6B39-D2FA-722E-261BC28DC0D5}
		{1D2D4118-4212-0201-B140-8C57D9B1B249} = {07D57EEB-2F50-60C4-C011-FE4FA775C9A8}
		{77FF6F7D-15E3-45BC-A706-992AEDEA6AC0} = {1D2D4118-4212-0201-B140-8C57D9B1B249}
		{64AD333C-636A-ECED-59BE-1097C44B76CE} = {07D57EEB-2F50-60C4-C011-FE4FA775C9A8}
		{D7BABE64-70CA-4087-942A-E273B95FA544} = {64AD333C-636A-ECED-59BE-1097C44B76CE}
		{AD2EF077-FE09-F968-D8A6-D1BEE05D08B8} = {07D57EEB-2F50-60C4-C011-FE4FA775C9A8}
		{613A1409-2C46-4218-8757-761F59759E28} = {AD2EF077-FE09-F968-D8A6-D1BEE05D08B8}
		{D63C2D4A-D287-31B9-3371-8E74123F6826} = {07D57EEB-2F50-60C4-C011-FE4FA775C9A8}
		{C9B9360B-B280-4512-B181-B38F1B207D1A} = {D63C2D4A-D287-31B9-3371-8E74123F6826}
		{76ACD4A9-3B11-0D2B-3EDB-38D0EAD5623E} = {07D57EEB-2F50-60C4-C011-FE4FA775C9A8}
		{9B36F75A-1D60-4FD0-A5D0-C30181B3ECE8} = {76ACD4A9-3B11-0D2B-3EDB-38D0EAD5623E}
		{F8428CE4-570A-A0A5-E181-79357FCC7AA4} = {07D57EEB-2F50-60C4-C011-FE4FA775C9A8}
		{285CAF5C-E1DD-457A-9767-0334F9D00A09} = {F8428CE4-570A-A0A5-E181-79357FCC7AA4}
		{376C9B8C-C114-50A0-D9B7-F042AAAECC68} = {07D57EEB-2F50-60C4-C011-FE4FA775C9A8}
		{9ED38918-C93B-4DEF-ABA2-5DD4E5E31C5D} = {376C9B8C-C114-50A0-D9B7-F042AAAECC68}
		{3A4A4E3D-F778-33E8-4146-8DAF62911BC4} = {07D57EEB-2F50-60C4-C011-FE4FA775C9A8}
		{30CAEE06-10A9-472D-A447-CE214873BA81} = {3A4A4E3D-F778-33E8-4146-8DAF62911BC4}
		{B4BCCFA4-8F61-ECFF-2ADE-AD163FE3C83E} = {07D57EEB-2F50-60C4-C011-FE4FA775C9A8}
		{6B13B099-586F-4A4C-8AC9-DCCBB359F444} = {B4BCCFA4-8F61-ECFF-2ADE-AD163FE3C83E}
		{9013F7C9-255B-2F6D-A5E1-991C2F05AED6} = {07D57EEB-2F50-60C4-C011-FE4FA775C9A8}
		{C0343E0A-C0E2-415C-907A-56D31044E348} = {9013F7C9-255B-2F6D-A5E1-991C2F05AED6}
		{C0C0B16C-7870-5ACB-47C7-AB9F9CDFF199} = {07D57EEB-2F50-60C4-C011-FE4FA775C9A8}
		{0D879528-0EED-7472-AC9D-6537BEE87BC4} = {C0C0B16C-7870-5ACB-47C7-AB9F9CDFF199}
		{5B8316B3-C038-471B-A41B-584E104254C4} = {0D879528-0EED-7472-AC9D-6537BEE87BC4}
		{49D36946-CF30-4A1F-9B8B-CE95077BD94D} = {0D879528-0EED-7472-AC9D-6537BEE87BC4}
		{C60EA69A-CC7C-4361-8429-A55778E42EFD} = {0D879528-0EED-7472-AC9D-6537BEE87BC4}
		{E445901A-1AD7-47E3-A1B7-A65D6FB909B7} = {0D879528-0EED-7472-AC9D-6537BEE87BC4}
		{A4A1C7CF-DF3E-E928-5A38-9741DCFA57D6} = {07D57EEB-2F50-60C4-C011-FE4FA775C9A8}
		{4CA05B6A-3598-42CD-9464-F4A51C340754} = {A4A1C7CF-DF3E-E928-5A38-9741DCFA57D6}
		{5653813B-35A3-4AF0-87B7-BBDBDEAF607F} = {4CA05B6A-3598-42CD-9464-F4A51C340754}
		{BF43D4B0-C074-B8A0-4269-CA617FD88253} = {A4A1C7CF-DF3E-E928-5A38-9741DCFA57D6}
		{587A57AB-834D-4B73-8652-DC0A25112B2E} = {BF43D4B0-C074-B8A0-4269-CA617FD88253}
		{A9D916FE-6BBA-FC79-DFA5-CFE31B2208E1} = {07D57EEB-2F50-60C4-C011-FE4FA775C9A8}
		{EC251B8E-D3F1-3689-74CE-2178CB5894C1} = {A9D916FE-6BBA-FC79-DFA5-CFE31B2208E1}
		{C118C576-D9D5-4D2A-87CF-550D7B554855} = {EC251B8E-D3F1-3689-74CE-2178CB5894C1}
		{A432804D-0614-48E7-87CD-0896C11FD3D1} = {0BB39A05-1926-C2B2-7003-8EB281EB5439}
		{14B383E2-FE42-4AC1-9265-E1F7C3210BB2} = {A432804D-0614-48E7-87CD-0896C11FD3D1}
	EndGlobalSection
EndGlobal
